// !$*UTF8*$!
{
	archiveVersion = 1;
	classes = {
	};
	objectVersion = 46;
	objects = {

/* Begin PBXBuildFile section */
		5255F16B1EFD8518000B7E97 /* Comments+Telephone.swift in Sources */ = {isa = PBXBuildFile; fileRef = 5255F16A1EFD8518000B7E97 /* Comments+Telephone.swift */; };
		5255F16C1EFD8518000B7E97 /* Comments+Telephone.swift in Sources */ = {isa = PBXBuildFile; fileRef = 5255F16A1EFD8518000B7E97 /* Comments+Telephone.swift */; };
		5255F16D1EFD8518000B7E97 /* Comments+Telephone.swift in Sources */ = {isa = PBXBuildFile; fileRef = 5255F16A1EFD8518000B7E97 /* Comments+Telephone.swift */; };
		5255F16F1EFD85DF000B7E97 /* Photo+Telephone.swift in Sources */ = {isa = PBXBuildFile; fileRef = 5255F16E1EFD85DF000B7E97 /* Photo+Telephone.swift */; };
		5255F1701EFD85DF000B7E97 /* Photo+Telephone.swift in Sources */ = {isa = PBXBuildFile; fileRef = 5255F16E1EFD85DF000B7E97 /* Photo+Telephone.swift */; };
		5255F1711EFD85DF000B7E97 /* Photo+Telephone.swift in Sources */ = {isa = PBXBuildFile; fileRef = 5255F16E1EFD85DF000B7E97 /* Photo+Telephone.swift */; };
		5255F1731EFE022E000B7E97 /* Model+RoutingTests.swift in Sources */ = {isa = PBXBuildFile; fileRef = 5255F1721EFE022E000B7E97 /* Model+RoutingTests.swift */; };
		5255F1741EFE022E000B7E97 /* Model+RoutingTests.swift in Sources */ = {isa = PBXBuildFile; fileRef = 5255F1721EFE022E000B7E97 /* Model+RoutingTests.swift */; };
		5255F1751EFE022E000B7E97 /* Model+RoutingTests.swift in Sources */ = {isa = PBXBuildFile; fileRef = 5255F1721EFE022E000B7E97 /* Model+RoutingTests.swift */; };
		526143A51EF9AD6D00B95F89 /* PlaceholderKit.h in Headers */ = {isa = PBXBuildFile; fileRef = 52F0F8081EF98D80005E70D9 /* PlaceholderKit.h */; settings = {ATTRIBUTES = (Public, ); }; };
		526143A61EF9AD7600B95F89 /* PlaceholderKit.h in Headers */ = {isa = PBXBuildFile; fileRef = 52F0F8081EF98D80005E70D9 /* PlaceholderKit.h */; settings = {ATTRIBUTES = (Public, ); }; };
		52B8E8D01EFD73DC00821D42 /* Model+Routing.swift in Sources */ = {isa = PBXBuildFile; fileRef = 52B8E8CF1EFD73DC00821D42 /* Model+Routing.swift */; };
		52B8E8D11EFD73DC00821D42 /* Model+Routing.swift in Sources */ = {isa = PBXBuildFile; fileRef = 52B8E8CF1EFD73DC00821D42 /* Model+Routing.swift */; };
		52B8E8D21EFD73DC00821D42 /* Model+Routing.swift in Sources */ = {isa = PBXBuildFile; fileRef = 52B8E8CF1EFD73DC00821D42 /* Model+Routing.swift */; };
		52B8E8D81EFD7A5100821D42 /* Albums+Telephone.swift in Sources */ = {isa = PBXBuildFile; fileRef = 52B8E8D71EFD7A5100821D42 /* Albums+Telephone.swift */; };
		52B8E8D91EFD7A5100821D42 /* Albums+Telephone.swift in Sources */ = {isa = PBXBuildFile; fileRef = 52B8E8D71EFD7A5100821D42 /* Albums+Telephone.swift */; };
		52B8E8DA1EFD7A5100821D42 /* Albums+Telephone.swift in Sources */ = {isa = PBXBuildFile; fileRef = 52B8E8D71EFD7A5100821D42 /* Albums+Telephone.swift */; };
		52B8E8DC1EFD7AA700821D42 /* Post+Telephone.swift in Sources */ = {isa = PBXBuildFile; fileRef = 52B8E8DB1EFD7AA700821D42 /* Post+Telephone.swift */; };
		52B8E8DD1EFD7AA700821D42 /* Post+Telephone.swift in Sources */ = {isa = PBXBuildFile; fileRef = 52B8E8DB1EFD7AA700821D42 /* Post+Telephone.swift */; };
		52B8E8DE1EFD7AA700821D42 /* Post+Telephone.swift in Sources */ = {isa = PBXBuildFile; fileRef = 52B8E8DB1EFD7AA700821D42 /* Post+Telephone.swift */; };
		52B8E8DF1EFD7CD900821D42 /* Album.swift in Sources */ = {isa = PBXBuildFile; fileRef = 52B8E8C01EFD6D6300821D42 /* Album.swift */; };
		52B8E8E01EFD7CDA00821D42 /* Album.swift in Sources */ = {isa = PBXBuildFile; fileRef = 52B8E8C01EFD6D6300821D42 /* Album.swift */; };
		52B8E8E11EFD7CDB00821D42 /* Album.swift in Sources */ = {isa = PBXBuildFile; fileRef = 52B8E8C01EFD6D6300821D42 /* Album.swift */; };
		52B8E8E21EFD7CE500821D42 /* Comment.swift in Sources */ = {isa = PBXBuildFile; fileRef = 52B8E8C21EFD6D6300821D42 /* Comment.swift */; };
		52B8E8E31EFD7CE500821D42 /* Photo.swift in Sources */ = {isa = PBXBuildFile; fileRef = 52B8E8C51EFD6D6300821D42 /* Photo.swift */; };
		52B8E8E41EFD7CE500821D42 /* Post.swift in Sources */ = {isa = PBXBuildFile; fileRef = 52B8E8C71EFD6D6300821D42 /* Post.swift */; };
		52B8E8E51EFD7CE500821D42 /* Todo.swift in Sources */ = {isa = PBXBuildFile; fileRef = 52B8E8C91EFD6D6300821D42 /* Todo.swift */; };
		52B8E8E61EFD7CE500821D42 /* User.swift in Sources */ = {isa = PBXBuildFile; fileRef = 52B8E8CB1EFD6D6300821D42 /* User.swift */; };
		52B8E8E71EFD7CE600821D42 /* Comment.swift in Sources */ = {isa = PBXBuildFile; fileRef = 52B8E8C21EFD6D6300821D42 /* Comment.swift */; };
		52B8E8E81EFD7CE600821D42 /* Photo.swift in Sources */ = {isa = PBXBuildFile; fileRef = 52B8E8C51EFD6D6300821D42 /* Photo.swift */; };
		52B8E8E91EFD7CE600821D42 /* Post.swift in Sources */ = {isa = PBXBuildFile; fileRef = 52B8E8C71EFD6D6300821D42 /* Post.swift */; };
		52B8E8EA1EFD7CE600821D42 /* Todo.swift in Sources */ = {isa = PBXBuildFile; fileRef = 52B8E8C91EFD6D6300821D42 /* Todo.swift */; };
		52B8E8EB1EFD7CE600821D42 /* User.swift in Sources */ = {isa = PBXBuildFile; fileRef = 52B8E8CB1EFD6D6300821D42 /* User.swift */; };
		52B8E8EC1EFD7CE600821D42 /* Comment.swift in Sources */ = {isa = PBXBuildFile; fileRef = 52B8E8C21EFD6D6300821D42 /* Comment.swift */; };
		52B8E8ED1EFD7CE600821D42 /* Photo.swift in Sources */ = {isa = PBXBuildFile; fileRef = 52B8E8C51EFD6D6300821D42 /* Photo.swift */; };
		52B8E8EE1EFD7CE600821D42 /* Post.swift in Sources */ = {isa = PBXBuildFile; fileRef = 52B8E8C71EFD6D6300821D42 /* Post.swift */; };
		52B8E8EF1EFD7CE600821D42 /* Todo.swift in Sources */ = {isa = PBXBuildFile; fileRef = 52B8E8C91EFD6D6300821D42 /* Todo.swift */; };
		52B8E8F01EFD7CE600821D42 /* User.swift in Sources */ = {isa = PBXBuildFile; fileRef = 52B8E8CB1EFD6D6300821D42 /* User.swift */; };
		52B8E8F11EFD7CF900821D42 /* AlbumTests.swift in Sources */ = {isa = PBXBuildFile; fileRef = 52B8E8C11EFD6D6300821D42 /* AlbumTests.swift */; };
		52B8E8F21EFD7CF900821D42 /* CommentTests.swift in Sources */ = {isa = PBXBuildFile; fileRef = 52B8E8C31EFD6D6300821D42 /* CommentTests.swift */; };
		52B8E8F31EFD7CF900821D42 /* ModelCodingTests.swift in Sources */ = {isa = PBXBuildFile; fileRef = 52B8E8C41EFD6D6300821D42 /* ModelCodingTests.swift */; };
		52B8E8F41EFD7CF900821D42 /* PhotoTests.swift in Sources */ = {isa = PBXBuildFile; fileRef = 52B8E8C61EFD6D6300821D42 /* PhotoTests.swift */; };
		52B8E8F51EFD7CF900821D42 /* PostTests.swift in Sources */ = {isa = PBXBuildFile; fileRef = 52B8E8C81EFD6D6300821D42 /* PostTests.swift */; };
		52B8E8F61EFD7CF900821D42 /* TodoTests.swift in Sources */ = {isa = PBXBuildFile; fileRef = 52B8E8CA1EFD6D6300821D42 /* TodoTests.swift */; };
		52B8E8F71EFD7CF900821D42 /* UserTests.swift in Sources */ = {isa = PBXBuildFile; fileRef = 52B8E8CC1EFD6D6300821D42 /* UserTests.swift */; };
		52B8E8F81EFD7CFA00821D42 /* AlbumTests.swift in Sources */ = {isa = PBXBuildFile; fileRef = 52B8E8C11EFD6D6300821D42 /* AlbumTests.swift */; };
		52B8E8F91EFD7CFA00821D42 /* CommentTests.swift in Sources */ = {isa = PBXBuildFile; fileRef = 52B8E8C31EFD6D6300821D42 /* CommentTests.swift */; };
		52B8E8FA1EFD7CFA00821D42 /* ModelCodingTests.swift in Sources */ = {isa = PBXBuildFile; fileRef = 52B8E8C41EFD6D6300821D42 /* ModelCodingTests.swift */; };
		52B8E8FB1EFD7CFA00821D42 /* PhotoTests.swift in Sources */ = {isa = PBXBuildFile; fileRef = 52B8E8C61EFD6D6300821D42 /* PhotoTests.swift */; };
		52B8E8FC1EFD7CFA00821D42 /* PostTests.swift in Sources */ = {isa = PBXBuildFile; fileRef = 52B8E8C81EFD6D6300821D42 /* PostTests.swift */; };
		52B8E8FD1EFD7CFA00821D42 /* TodoTests.swift in Sources */ = {isa = PBXBuildFile; fileRef = 52B8E8CA1EFD6D6300821D42 /* TodoTests.swift */; };
		52B8E8FE1EFD7CFA00821D42 /* UserTests.swift in Sources */ = {isa = PBXBuildFile; fileRef = 52B8E8CC1EFD6D6300821D42 /* UserTests.swift */; };
		52B8E8FF1EFD7CFB00821D42 /* AlbumTests.swift in Sources */ = {isa = PBXBuildFile; fileRef = 52B8E8C11EFD6D6300821D42 /* AlbumTests.swift */; };
		52B8E9001EFD7CFB00821D42 /* CommentTests.swift in Sources */ = {isa = PBXBuildFile; fileRef = 52B8E8C31EFD6D6300821D42 /* CommentTests.swift */; };
		52B8E9011EFD7CFB00821D42 /* ModelCodingTests.swift in Sources */ = {isa = PBXBuildFile; fileRef = 52B8E8C41EFD6D6300821D42 /* ModelCodingTests.swift */; };
		52B8E9021EFD7CFB00821D42 /* PhotoTests.swift in Sources */ = {isa = PBXBuildFile; fileRef = 52B8E8C61EFD6D6300821D42 /* PhotoTests.swift */; };
		52B8E9031EFD7CFB00821D42 /* PostTests.swift in Sources */ = {isa = PBXBuildFile; fileRef = 52B8E8C81EFD6D6300821D42 /* PostTests.swift */; };
		52B8E9041EFD7CFB00821D42 /* TodoTests.swift in Sources */ = {isa = PBXBuildFile; fileRef = 52B8E8CA1EFD6D6300821D42 /* TodoTests.swift */; };
		52B8E9051EFD7CFB00821D42 /* UserTests.swift in Sources */ = {isa = PBXBuildFile; fileRef = 52B8E8CC1EFD6D6300821D42 /* UserTests.swift */; };
		52B8E9061EFD7D0400821D42 /* User+Telephone.swift in Sources */ = {isa = PBXBuildFile; fileRef = 52B8E8CD1EFD6D6300821D42 /* User+Telephone.swift */; };
		52B8E9071EFD7D0500821D42 /* User+Telephone.swift in Sources */ = {isa = PBXBuildFile; fileRef = 52B8E8CD1EFD6D6300821D42 /* User+Telephone.swift */; };
		52B8E9081EFD7D0600821D42 /* User+Telephone.swift in Sources */ = {isa = PBXBuildFile; fileRef = 52B8E8CD1EFD6D6300821D42 /* User+Telephone.swift */; };
		52C7A71D1EFD681500C1F0F7 /* PlaceholderKit.h in Headers */ = {isa = PBXBuildFile; fileRef = 52F0F8081EF98D80005E70D9 /* PlaceholderKit.h */; settings = {ATTRIBUTES = (Public, ); }; };
		52F0F8121EF98E17005E70D9 /* PlaceholderKit.framework in Frameworks */ = {isa = PBXBuildFile; fileRef = 524B0F521EF9876B00288494 /* PlaceholderKit.framework */; };
		52F0F8211EF98E30005E70D9 /* PlaceholderKit.framework in Frameworks */ = {isa = PBXBuildFile; fileRef = 524B0F601EF9878200288494 /* PlaceholderKit.framework */; };
		52F0F8301EF98E5A005E70D9 /* PlaceholderKit.framework in Frameworks */ = {isa = PBXBuildFile; fileRef = 524B0F6D1EF9879300288494 /* PlaceholderKit.framework */; };
/* End PBXBuildFile section */

/* Begin PBXContainerItemProxy section */
		52F0F8131EF98E17005E70D9 /* PBXContainerItemProxy */ = {
			isa = PBXContainerItemProxy;
			containerPortal = 5237288F1EF9866C00033A47 /* Project object */;
			proxyType = 1;
			remoteGlobalIDString = 524B0F511EF9876B00288494;
			remoteInfo = "PlaceholderKit-iOS";
		};
		52F0F8221EF98E30005E70D9 /* PBXContainerItemProxy */ = {
			isa = PBXContainerItemProxy;
			containerPortal = 5237288F1EF9866C00033A47 /* Project object */;
			proxyType = 1;
			remoteGlobalIDString = 524B0F5F1EF9878200288494;
			remoteInfo = "PlaceholderKit-tvOS";
		};
		52F0F8311EF98E5A005E70D9 /* PBXContainerItemProxy */ = {
			isa = PBXContainerItemProxy;
			containerPortal = 5237288F1EF9866C00033A47 /* Project object */;
			proxyType = 1;
			remoteGlobalIDString = 524B0F6C1EF9879300288494;
			remoteInfo = "PlaceholderKit-macOS";
		};
/* End PBXContainerItemProxy section */

/* Begin PBXFileReference section */
		523FF3231EFAEC3C00636189 /* PlaceholderKit.playground */ = {isa = PBXFileReference; lastKnownFileType = file.playground; path = PlaceholderKit.playground; sourceTree = "<group>"; xcLanguageSpecificationIdentifier = xcode.lang.swift; };
		524B0F521EF9876B00288494 /* PlaceholderKit.framework */ = {isa = PBXFileReference; explicitFileType = wrapper.framework; includeInIndex = 0; path = PlaceholderKit.framework; sourceTree = BUILT_PRODUCTS_DIR; };
		524B0F601EF9878200288494 /* PlaceholderKit.framework */ = {isa = PBXFileReference; explicitFileType = wrapper.framework; includeInIndex = 0; path = PlaceholderKit.framework; sourceTree = BUILT_PRODUCTS_DIR; };
		524B0F6D1EF9879300288494 /* PlaceholderKit.framework */ = {isa = PBXFileReference; explicitFileType = wrapper.framework; includeInIndex = 0; path = PlaceholderKit.framework; sourceTree = BUILT_PRODUCTS_DIR; };
		524B0F771EF98D0600288494 /* Info.plist */ = {isa = PBXFileReference; lastKnownFileType = text.plist.xml; path = Info.plist; sourceTree = "<group>"; };
		5255F16A1EFD8518000B7E97 /* Comments+Telephone.swift */ = {isa = PBXFileReference; lastKnownFileType = sourcecode.swift; path = "Comments+Telephone.swift"; sourceTree = "<group>"; };
		5255F16E1EFD85DF000B7E97 /* Photo+Telephone.swift */ = {isa = PBXFileReference; lastKnownFileType = sourcecode.swift; path = "Photo+Telephone.swift"; sourceTree = "<group>"; };
		5255F1721EFE022E000B7E97 /* Model+RoutingTests.swift */ = {isa = PBXFileReference; lastKnownFileType = sourcecode.swift; path = "Model+RoutingTests.swift"; sourceTree = "<group>"; };
		52B8E8C01EFD6D6300821D42 /* Album.swift */ = {isa = PBXFileReference; lastKnownFileType = sourcecode.swift; path = Album.swift; sourceTree = "<group>"; };
		52B8E8C11EFD6D6300821D42 /* AlbumTests.swift */ = {isa = PBXFileReference; lastKnownFileType = sourcecode.swift; path = AlbumTests.swift; sourceTree = "<group>"; };
		52B8E8C21EFD6D6300821D42 /* Comment.swift */ = {isa = PBXFileReference; lastKnownFileType = sourcecode.swift; path = Comment.swift; sourceTree = "<group>"; };
		52B8E8C31EFD6D6300821D42 /* CommentTests.swift */ = {isa = PBXFileReference; lastKnownFileType = sourcecode.swift; path = CommentTests.swift; sourceTree = "<group>"; };
		52B8E8C41EFD6D6300821D42 /* ModelCodingTests.swift */ = {isa = PBXFileReference; lastKnownFileType = sourcecode.swift; path = ModelCodingTests.swift; sourceTree = "<group>"; };
		52B8E8C51EFD6D6300821D42 /* Photo.swift */ = {isa = PBXFileReference; lastKnownFileType = sourcecode.swift; path = Photo.swift; sourceTree = "<group>"; };
		52B8E8C61EFD6D6300821D42 /* PhotoTests.swift */ = {isa = PBXFileReference; lastKnownFileType = sourcecode.swift; path = PhotoTests.swift; sourceTree = "<group>"; };
		52B8E8C71EFD6D6300821D42 /* Post.swift */ = {isa = PBXFileReference; lastKnownFileType = sourcecode.swift; path = Post.swift; sourceTree = "<group>"; };
		52B8E8C81EFD6D6300821D42 /* PostTests.swift */ = {isa = PBXFileReference; lastKnownFileType = sourcecode.swift; path = PostTests.swift; sourceTree = "<group>"; };
		52B8E8C91EFD6D6300821D42 /* Todo.swift */ = {isa = PBXFileReference; lastKnownFileType = sourcecode.swift; path = Todo.swift; sourceTree = "<group>"; };
		52B8E8CA1EFD6D6300821D42 /* TodoTests.swift */ = {isa = PBXFileReference; lastKnownFileType = sourcecode.swift; path = TodoTests.swift; sourceTree = "<group>"; };
		52B8E8CB1EFD6D6300821D42 /* User.swift */ = {isa = PBXFileReference; lastKnownFileType = sourcecode.swift; path = User.swift; sourceTree = "<group>"; };
		52B8E8CC1EFD6D6300821D42 /* UserTests.swift */ = {isa = PBXFileReference; lastKnownFileType = sourcecode.swift; path = UserTests.swift; sourceTree = "<group>"; };
		52B8E8CD1EFD6D6300821D42 /* User+Telephone.swift */ = {isa = PBXFileReference; lastKnownFileType = sourcecode.swift; path = "User+Telephone.swift"; sourceTree = "<group>"; };
		52B8E8CF1EFD73DC00821D42 /* Model+Routing.swift */ = {isa = PBXFileReference; lastKnownFileType = sourcecode.swift; path = "Model+Routing.swift"; sourceTree = "<group>"; };
		52B8E8D71EFD7A5100821D42 /* Albums+Telephone.swift */ = {isa = PBXFileReference; lastKnownFileType = sourcecode.swift; path = "Albums+Telephone.swift"; sourceTree = "<group>"; };
		52B8E8DB1EFD7AA700821D42 /* Post+Telephone.swift */ = {isa = PBXFileReference; lastKnownFileType = sourcecode.swift; path = "Post+Telephone.swift"; sourceTree = "<group>"; };
		52C7A7061EFD665A00C1F0F7 /* Telephone.framework */ = {isa = PBXFileReference; lastKnownFileType = wrapper.framework; name = Telephone.framework; path = Carthage/Build/iOS/Telephone.framework; sourceTree = "<group>"; };
		52C7A7071EFD666A00C1F0F7 /* Telephone.framework */ = {isa = PBXFileReference; lastKnownFileType = wrapper.framework; name = Telephone.framework; path = Carthage/Build/tvOS/Telephone.framework; sourceTree = "<group>"; };
		52C7A7081EFD667800C1F0F7 /* Telephone.framework */ = {isa = PBXFileReference; lastKnownFileType = wrapper.framework; name = Telephone.framework; path = Carthage/Build/Mac/Telephone.framework; sourceTree = "<group>"; };
		52F0F8081EF98D80005E70D9 /* PlaceholderKit.h */ = {isa = PBXFileReference; lastKnownFileType = sourcecode.c.h; path = PlaceholderKit.h; sourceTree = "<group>"; };
		52F0F80D1EF98E17005E70D9 /* PlaceholderKit-iOSTests.xctest */ = {isa = PBXFileReference; explicitFileType = wrapper.cfbundle; includeInIndex = 0; path = "PlaceholderKit-iOSTests.xctest"; sourceTree = BUILT_PRODUCTS_DIR; };
		52F0F81C1EF98E30005E70D9 /* PlaceholderKit-tvOSTests.xctest */ = {isa = PBXFileReference; explicitFileType = wrapper.cfbundle; includeInIndex = 0; path = "PlaceholderKit-tvOSTests.xctest"; sourceTree = BUILT_PRODUCTS_DIR; };
		52F0F82B1EF98E5A005E70D9 /* PlaceholderKit-macOSTests.xctest */ = {isa = PBXFileReference; explicitFileType = wrapper.cfbundle; includeInIndex = 0; path = "PlaceholderKit-macOSTests.xctest"; sourceTree = BUILT_PRODUCTS_DIR; };
/* End PBXFileReference section */

/* Begin PBXFrameworksBuildPhase section */
		524B0F4E1EF9876B00288494 /* Frameworks */ = {
			isa = PBXFrameworksBuildPhase;
			buildActionMask = 2147483647;
			files = (
			);
			runOnlyForDeploymentPostprocessing = 0;
		};
		524B0F5C1EF9878200288494 /* Frameworks */ = {
			isa = PBXFrameworksBuildPhase;
			buildActionMask = 2147483647;
			files = (
			);
			runOnlyForDeploymentPostprocessing = 0;
		};
		524B0F691EF9879300288494 /* Frameworks */ = {
			isa = PBXFrameworksBuildPhase;
			buildActionMask = 2147483647;
			files = (
			);
			runOnlyForDeploymentPostprocessing = 0;
		};
		52F0F80A1EF98E17005E70D9 /* Frameworks */ = {
			isa = PBXFrameworksBuildPhase;
			buildActionMask = 2147483647;
			files = (
				52F0F8121EF98E17005E70D9 /* PlaceholderKit.framework in Frameworks */,
			);
			runOnlyForDeploymentPostprocessing = 0;
		};
		52F0F8191EF98E30005E70D9 /* Frameworks */ = {
			isa = PBXFrameworksBuildPhase;
			buildActionMask = 2147483647;
			files = (
				52F0F8211EF98E30005E70D9 /* PlaceholderKit.framework in Frameworks */,
			);
			runOnlyForDeploymentPostprocessing = 0;
		};
		52F0F8281EF98E5A005E70D9 /* Frameworks */ = {
			isa = PBXFrameworksBuildPhase;
			buildActionMask = 2147483647;
			files = (
				52F0F8301EF98E5A005E70D9 /* PlaceholderKit.framework in Frameworks */,
			);
			runOnlyForDeploymentPostprocessing = 0;
		};
/* End PBXFrameworksBuildPhase section */

/* Begin PBXGroup section */
		5237288E1EF9866C00033A47 = {
			isa = PBXGroup;
			children = (
				523FF3231EFAEC3C00636189 /* PlaceholderKit.playground */,
				52B8E8BE1EFD6D6300821D42 /* Sources */,
				52F0F8081EF98D80005E70D9 /* PlaceholderKit.h */,
				524B0F771EF98D0600288494 /* Info.plist */,
				524B0F531EF9876B00288494 /* Products */,
				52C7A7041EFD660B00C1F0F7 /* Frameworks */,
			);
			sourceTree = "<group>";
		};
		524B0F531EF9876B00288494 /* Products */ = {
			isa = PBXGroup;
			children = (
				524B0F521EF9876B00288494 /* PlaceholderKit.framework */,
				524B0F601EF9878200288494 /* PlaceholderKit.framework */,
				524B0F6D1EF9879300288494 /* PlaceholderKit.framework */,
				52F0F80D1EF98E17005E70D9 /* PlaceholderKit-iOSTests.xctest */,
				52F0F81C1EF98E30005E70D9 /* PlaceholderKit-tvOSTests.xctest */,
				52F0F82B1EF98E5A005E70D9 /* PlaceholderKit-macOSTests.xctest */,
			);
			name = Products;
			sourceTree = "<group>";
		};
		52B8E8BE1EFD6D6300821D42 /* Sources */ = {
			isa = PBXGroup;
			children = (
				52B8E8BF1EFD6D6300821D42 /* Model */,
				52B8E8CE1EFD702300821D42 /* Telephone */,
			);
			path = Sources;
			sourceTree = "<group>";
		};
		52B8E8BF1EFD6D6300821D42 /* Model */ = {
			isa = PBXGroup;
			children = (
				52B8E8CB1EFD6D6300821D42 /* User.swift */,
				52B8E8CC1EFD6D6300821D42 /* UserTests.swift */,
				52B8E8C01EFD6D6300821D42 /* Album.swift */,
				52B8E8C11EFD6D6300821D42 /* AlbumTests.swift */,
				52B8E8C51EFD6D6300821D42 /* Photo.swift */,
				52B8E8C61EFD6D6300821D42 /* PhotoTests.swift */,
				52B8E8C71EFD6D6300821D42 /* Post.swift */,
				52B8E8C81EFD6D6300821D42 /* PostTests.swift */,
				52B8E8C21EFD6D6300821D42 /* Comment.swift */,
				52B8E8C31EFD6D6300821D42 /* CommentTests.swift */,
				52B8E8C91EFD6D6300821D42 /* Todo.swift */,
				52B8E8CA1EFD6D6300821D42 /* TodoTests.swift */,
				52B8E8C41EFD6D6300821D42 /* ModelCodingTests.swift */,
			);
			path = Model;
			sourceTree = "<group>";
		};
		52B8E8CE1EFD702300821D42 /* Telephone */ = {
			isa = PBXGroup;
			children = (
				52B8E8CD1EFD6D6300821D42 /* User+Telephone.swift */,
				52B8E8D71EFD7A5100821D42 /* Albums+Telephone.swift */,
				5255F16A1EFD8518000B7E97 /* Comments+Telephone.swift */,
				52B8E8DB1EFD7AA700821D42 /* Post+Telephone.swift */,
				5255F16E1EFD85DF000B7E97 /* Photo+Telephone.swift */,
				52B8E8CF1EFD73DC00821D42 /* Model+Routing.swift */,
				5255F1721EFE022E000B7E97 /* Model+RoutingTests.swift */,
			);
			path = Telephone;
			sourceTree = "<group>";
		};
		52C7A7041EFD660B00C1F0F7 /* Frameworks */ = {
			isa = PBXGroup;
			children = (
				52C7A7081EFD667800C1F0F7 /* Telephone.framework */,
				52C7A7071EFD666A00C1F0F7 /* Telephone.framework */,
				52C7A7061EFD665A00C1F0F7 /* Telephone.framework */,
			);
			name = Frameworks;
			sourceTree = "<group>";
		};
/* End PBXGroup section */

/* Begin PBXHeadersBuildPhase section */
		524B0F4F1EF9876B00288494 /* Headers */ = {
			isa = PBXHeadersBuildPhase;
			buildActionMask = 2147483647;
			files = (
				52C7A71D1EFD681500C1F0F7 /* PlaceholderKit.h in Headers */,
			);
			runOnlyForDeploymentPostprocessing = 0;
		};
		524B0F5D1EF9878200288494 /* Headers */ = {
			isa = PBXHeadersBuildPhase;
			buildActionMask = 2147483647;
			files = (
				526143A61EF9AD7600B95F89 /* PlaceholderKit.h in Headers */,
			);
			runOnlyForDeploymentPostprocessing = 0;
		};
		524B0F6A1EF9879300288494 /* Headers */ = {
			isa = PBXHeadersBuildPhase;
			buildActionMask = 2147483647;
			files = (
				526143A51EF9AD6D00B95F89 /* PlaceholderKit.h in Headers */,
			);
			runOnlyForDeploymentPostprocessing = 0;
		};
/* End PBXHeadersBuildPhase section */

/* Begin PBXNativeTarget section */
		524B0F511EF9876B00288494 /* PlaceholderKit-iOS */ = {
			isa = PBXNativeTarget;
			buildConfigurationList = 524B0F5A1EF9876B00288494 /* Build configuration list for PBXNativeTarget "PlaceholderKit-iOS" */;
			buildPhases = (
				524B0F4D1EF9876B00288494 /* Sources */,
				524B0F4E1EF9876B00288494 /* Frameworks */,
				524B0F4F1EF9876B00288494 /* Headers */,
				524B0F501EF9876B00288494 /* Resources */,
				52C7A7091EFD66BA00C1F0F7 /* ShellScript */,
			);
			buildRules = (
			);
			dependencies = (
			);
			name = "PlaceholderKit-iOS";
			productName = "PlaceholderKit-iOS";
			productReference = 524B0F521EF9876B00288494 /* PlaceholderKit.framework */;
			productType = "com.apple.product-type.framework";
		};
		524B0F5F1EF9878200288494 /* PlaceholderKit-tvOS */ = {
			isa = PBXNativeTarget;
			buildConfigurationList = 524B0F651EF9878200288494 /* Build configuration list for PBXNativeTarget "PlaceholderKit-tvOS" */;
			buildPhases = (
				524B0F5B1EF9878200288494 /* Sources */,
				524B0F5C1EF9878200288494 /* Frameworks */,
				524B0F5D1EF9878200288494 /* Headers */,
				524B0F5E1EF9878200288494 /* Resources */,
				52131E751EF99B6800454045 /* ShellScript */,
			);
			buildRules = (
			);
			dependencies = (
			);
			name = "PlaceholderKit-tvOS";
			productName = "PlaceholderKit-tvOS";
			productReference = 524B0F601EF9878200288494 /* PlaceholderKit.framework */;
			productType = "com.apple.product-type.framework";
		};
		524B0F6C1EF9879300288494 /* PlaceholderKit-macOS */ = {
			isa = PBXNativeTarget;
			buildConfigurationList = 524B0F721EF9879300288494 /* Build configuration list for PBXNativeTarget "PlaceholderKit-macOS" */;
			buildPhases = (
				524B0F681EF9879300288494 /* Sources */,
				524B0F691EF9879300288494 /* Frameworks */,
				524B0F6A1EF9879300288494 /* Headers */,
				524B0F6B1EF9879300288494 /* Resources */,
				52131E761EF99B8700454045 /* ShellScript */,
			);
			buildRules = (
			);
			dependencies = (
			);
			name = "PlaceholderKit-macOS";
			productName = "PlaceholderKit-macOS";
			productReference = 524B0F6D1EF9879300288494 /* PlaceholderKit.framework */;
			productType = "com.apple.product-type.framework";
		};
		52F0F80C1EF98E17005E70D9 /* PlaceholderKit-iOSTests */ = {
			isa = PBXNativeTarget;
			buildConfigurationList = 52F0F8151EF98E17005E70D9 /* Build configuration list for PBXNativeTarget "PlaceholderKit-iOSTests" */;
			buildPhases = (
				52F0F8091EF98E17005E70D9 /* Sources */,
				52F0F80A1EF98E17005E70D9 /* Frameworks */,
				52F0F80B1EF98E17005E70D9 /* Resources */,
			);
			buildRules = (
			);
			dependencies = (
				52F0F8141EF98E17005E70D9 /* PBXTargetDependency */,
			);
			name = "PlaceholderKit-iOSTests";
			productName = "PlaceholderKit-iOSTests";
			productReference = 52F0F80D1EF98E17005E70D9 /* PlaceholderKit-iOSTests.xctest */;
			productType = "com.apple.product-type.bundle.unit-test";
		};
		52F0F81B1EF98E30005E70D9 /* PlaceholderKit-tvOSTests */ = {
			isa = PBXNativeTarget;
			buildConfigurationList = 52F0F8241EF98E30005E70D9 /* Build configuration list for PBXNativeTarget "PlaceholderKit-tvOSTests" */;
			buildPhases = (
				52F0F8181EF98E30005E70D9 /* Sources */,
				52F0F8191EF98E30005E70D9 /* Frameworks */,
				52F0F81A1EF98E30005E70D9 /* Resources */,
			);
			buildRules = (
			);
			dependencies = (
				52F0F8231EF98E30005E70D9 /* PBXTargetDependency */,
			);
			name = "PlaceholderKit-tvOSTests";
			productName = "PlaceholderKit-tvOSTests";
			productReference = 52F0F81C1EF98E30005E70D9 /* PlaceholderKit-tvOSTests.xctest */;
			productType = "com.apple.product-type.bundle.unit-test";
		};
		52F0F82A1EF98E5A005E70D9 /* PlaceholderKit-macOSTests */ = {
			isa = PBXNativeTarget;
			buildConfigurationList = 52F0F8331EF98E5A005E70D9 /* Build configuration list for PBXNativeTarget "PlaceholderKit-macOSTests" */;
			buildPhases = (
				52F0F8271EF98E5A005E70D9 /* Sources */,
				52F0F8281EF98E5A005E70D9 /* Frameworks */,
				52F0F8291EF98E5A005E70D9 /* Resources */,
			);
			buildRules = (
			);
			dependencies = (
				52F0F8321EF98E5A005E70D9 /* PBXTargetDependency */,
			);
			name = "PlaceholderKit-macOSTests";
			productName = "PlaceholderKit-macOSTests";
			productReference = 52F0F82B1EF98E5A005E70D9 /* PlaceholderKit-macOSTests.xctest */;
			productType = "com.apple.product-type.bundle.unit-test";
		};
/* End PBXNativeTarget section */

/* Begin PBXProject section */
		5237288F1EF9866C00033A47 /* Project object */ = {
			isa = PBXProject;
			attributes = {
				LastSwiftUpdateCheck = 0900;
				LastUpgradeCheck = 0900;
				TargetAttributes = {
					524B0F511EF9876B00288494 = {
						CreatedOnToolsVersion = 8.3.3;
						DevelopmentTeam = 55SVD8WGE3;
						LastSwiftMigration = 0900;
						ProvisioningStyle = Automatic;
					};
					524B0F5F1EF9878200288494 = {
						CreatedOnToolsVersion = 8.3.3;
						DevelopmentTeam = 55SVD8WGE3;
						LastSwiftMigration = 0900;
						ProvisioningStyle = Automatic;
					};
					524B0F6C1EF9879300288494 = {
						CreatedOnToolsVersion = 8.3.3;
						DevelopmentTeam = 55SVD8WGE3;
						LastSwiftMigration = 0900;
						ProvisioningStyle = Automatic;
					};
					52F0F80C1EF98E17005E70D9 = {
						CreatedOnToolsVersion = 9.0;
						DevelopmentTeam = 55SVD8WGE3;
						LastSwiftMigration = 0900;
					};
					52F0F81B1EF98E30005E70D9 = {
						CreatedOnToolsVersion = 9.0;
						DevelopmentTeam = 55SVD8WGE3;
						LastSwiftMigration = 0900;
					};
					52F0F82A1EF98E5A005E70D9 = {
						CreatedOnToolsVersion = 9.0;
						DevelopmentTeam = 55SVD8WGE3;
						LastSwiftMigration = 0900;
					};
				};
			};
			buildConfigurationList = 523728921EF9866C00033A47 /* Build configuration list for PBXProject "PlaceholderKit" */;
			compatibilityVersion = "Xcode 3.2";
			developmentRegion = English;
			hasScannedForEncodings = 0;
			knownRegions = (
				en,
			);
			mainGroup = 5237288E1EF9866C00033A47;
			productRefGroup = 524B0F531EF9876B00288494 /* Products */;
			projectDirPath = "";
			projectRoot = "";
			targets = (
				524B0F511EF9876B00288494 /* PlaceholderKit-iOS */,
				524B0F5F1EF9878200288494 /* PlaceholderKit-tvOS */,
				524B0F6C1EF9879300288494 /* PlaceholderKit-macOS */,
				52F0F80C1EF98E17005E70D9 /* PlaceholderKit-iOSTests */,
				52F0F81B1EF98E30005E70D9 /* PlaceholderKit-tvOSTests */,
				52F0F82A1EF98E5A005E70D9 /* PlaceholderKit-macOSTests */,
			);
		};
/* End PBXProject section */

/* Begin PBXResourcesBuildPhase section */
		524B0F501EF9876B00288494 /* Resources */ = {
			isa = PBXResourcesBuildPhase;
			buildActionMask = 2147483647;
			files = (
			);
			runOnlyForDeploymentPostprocessing = 0;
		};
		524B0F5E1EF9878200288494 /* Resources */ = {
			isa = PBXResourcesBuildPhase;
			buildActionMask = 2147483647;
			files = (
			);
			runOnlyForDeploymentPostprocessing = 0;
		};
		524B0F6B1EF9879300288494 /* Resources */ = {
			isa = PBXResourcesBuildPhase;
			buildActionMask = 2147483647;
			files = (
			);
			runOnlyForDeploymentPostprocessing = 0;
		};
		52F0F80B1EF98E17005E70D9 /* Resources */ = {
			isa = PBXResourcesBuildPhase;
			buildActionMask = 2147483647;
			files = (
			);
			runOnlyForDeploymentPostprocessing = 0;
		};
		52F0F81A1EF98E30005E70D9 /* Resources */ = {
			isa = PBXResourcesBuildPhase;
			buildActionMask = 2147483647;
			files = (
			);
			runOnlyForDeploymentPostprocessing = 0;
		};
		52F0F8291EF98E5A005E70D9 /* Resources */ = {
			isa = PBXResourcesBuildPhase;
			buildActionMask = 2147483647;
			files = (
			);
			runOnlyForDeploymentPostprocessing = 0;
		};
/* End PBXResourcesBuildPhase section */

/* Begin PBXShellScriptBuildPhase section */
		52131E751EF99B6800454045 /* ShellScript */ = {
			isa = PBXShellScriptBuildPhase;
			buildActionMask = 2147483647;
			files = (
			);
			inputPaths = (
				"$(SRCROOT)/Carthage/Build/tvOS/Telephone.framework",
			);
			outputPaths = (
			);
			runOnlyForDeploymentPostprocessing = 0;
			shellPath = /bin/sh;
			shellScript = "/usr/local/bin/carthage copy-frameworks";
		};
		52131E761EF99B8700454045 /* ShellScript */ = {
			isa = PBXShellScriptBuildPhase;
			buildActionMask = 2147483647;
			files = (
			);
			inputPaths = (
				"$(SRCROOT)/Carthage/Build/Mac/Telephone.framework",
			);
			outputPaths = (
			);
			runOnlyForDeploymentPostprocessing = 0;
			shellPath = /bin/sh;
			shellScript = "/usr/local/bin/carthage copy-frameworks";
		};
		52C7A7091EFD66BA00C1F0F7 /* ShellScript */ = {
			isa = PBXShellScriptBuildPhase;
			buildActionMask = 2147483647;
			files = (
			);
			inputPaths = (
				"$(SRCROOT)/Carthage/Build/iOS/Telephone.framework",
			);
			outputPaths = (
			);
			runOnlyForDeploymentPostprocessing = 0;
			shellPath = /bin/sh;
			shellScript = "/usr/local/bin/carthage copy-frameworks";
		};
/* End PBXShellScriptBuildPhase section */

/* Begin PBXSourcesBuildPhase section */
		524B0F4D1EF9876B00288494 /* Sources */ = {
			isa = PBXSourcesBuildPhase;
			buildActionMask = 2147483647;
			files = (
				5255F16B1EFD8518000B7E97 /* Comments+Telephone.swift in Sources */,
				5255F16F1EFD85DF000B7E97 /* Photo+Telephone.swift in Sources */,
				52B8E8E81EFD7CE600821D42 /* Photo.swift in Sources */,
				52B8E8E71EFD7CE600821D42 /* Comment.swift in Sources */,
				52B8E8D81EFD7A5100821D42 /* Albums+Telephone.swift in Sources */,
				52B8E8EA1EFD7CE600821D42 /* Todo.swift in Sources */,
				52B8E8D01EFD73DC00821D42 /* Model+Routing.swift in Sources */,
				52B8E8EB1EFD7CE600821D42 /* User.swift in Sources */,
				52B8E8DC1EFD7AA700821D42 /* Post+Telephone.swift in Sources */,
				52B8E8E91EFD7CE600821D42 /* Post.swift in Sources */,
				52B8E8DF1EFD7CD900821D42 /* Album.swift in Sources */,
				52B8E9061EFD7D0400821D42 /* User+Telephone.swift in Sources */,
			);
			runOnlyForDeploymentPostprocessing = 0;
		};
		524B0F5B1EF9878200288494 /* Sources */ = {
			isa = PBXSourcesBuildPhase;
			buildActionMask = 2147483647;
			files = (
				5255F16C1EFD8518000B7E97 /* Comments+Telephone.swift in Sources */,
				5255F1701EFD85DF000B7E97 /* Photo+Telephone.swift in Sources */,
				52B8E8E31EFD7CE500821D42 /* Photo.swift in Sources */,
				52B8E8E21EFD7CE500821D42 /* Comment.swift in Sources */,
				52B8E8D91EFD7A5100821D42 /* Albums+Telephone.swift in Sources */,
				52B8E8E51EFD7CE500821D42 /* Todo.swift in Sources */,
				52B8E8D11EFD73DC00821D42 /* Model+Routing.swift in Sources */,
				52B8E8E61EFD7CE500821D42 /* User.swift in Sources */,
				52B8E8DD1EFD7AA700821D42 /* Post+Telephone.swift in Sources */,
				52B8E8E41EFD7CE500821D42 /* Post.swift in Sources */,
				52B8E8E11EFD7CDB00821D42 /* Album.swift in Sources */,
				52B8E9071EFD7D0500821D42 /* User+Telephone.swift in Sources */,
			);
			runOnlyForDeploymentPostprocessing = 0;
		};
		524B0F681EF9879300288494 /* Sources */ = {
			isa = PBXSourcesBuildPhase;
			buildActionMask = 2147483647;
			files = (
				5255F16D1EFD8518000B7E97 /* Comments+Telephone.swift in Sources */,
				5255F1711EFD85DF000B7E97 /* Photo+Telephone.swift in Sources */,
				52B8E8ED1EFD7CE600821D42 /* Photo.swift in Sources */,
				52B8E8EC1EFD7CE600821D42 /* Comment.swift in Sources */,
				52B8E8DA1EFD7A5100821D42 /* Albums+Telephone.swift in Sources */,
				52B8E8EF1EFD7CE600821D42 /* Todo.swift in Sources */,
				52B8E8D21EFD73DC00821D42 /* Model+Routing.swift in Sources */,
				52B8E8F01EFD7CE600821D42 /* User.swift in Sources */,
				52B8E8DE1EFD7AA700821D42 /* Post+Telephone.swift in Sources */,
				52B8E8EE1EFD7CE600821D42 /* Post.swift in Sources */,
				52B8E8E01EFD7CDA00821D42 /* Album.swift in Sources */,
				52B8E9081EFD7D0600821D42 /* User+Telephone.swift in Sources */,
			);
			runOnlyForDeploymentPostprocessing = 0;
		};
		52F0F8091EF98E17005E70D9 /* Sources */ = {
			isa = PBXSourcesBuildPhase;
			buildActionMask = 2147483647;
			files = (
				52B8E8FB1EFD7CFA00821D42 /* PhotoTests.swift in Sources */,
				52B8E8FA1EFD7CFA00821D42 /* ModelCodingTests.swift in Sources */,
				52B8E8F81EFD7CFA00821D42 /* AlbumTests.swift in Sources */,
				5255F1731EFE022E000B7E97 /* Model+RoutingTests.swift in Sources */,
				52B8E8FE1EFD7CFA00821D42 /* UserTests.swift in Sources */,
				52B8E8F91EFD7CFA00821D42 /* CommentTests.swift in Sources */,
				52B8E8FC1EFD7CFA00821D42 /* PostTests.swift in Sources */,
				52B8E8FD1EFD7CFA00821D42 /* TodoTests.swift in Sources */,
			);
			runOnlyForDeploymentPostprocessing = 0;
		};
		52F0F8181EF98E30005E70D9 /* Sources */ = {
			isa = PBXSourcesBuildPhase;
			buildActionMask = 2147483647;
			files = (
				52B8E8F41EFD7CF900821D42 /* PhotoTests.swift in Sources */,
				52B8E8F31EFD7CF900821D42 /* ModelCodingTests.swift in Sources */,
				52B8E8F11EFD7CF900821D42 /* AlbumTests.swift in Sources */,
				5255F1741EFE022E000B7E97 /* Model+RoutingTests.swift in Sources */,
				52B8E8F71EFD7CF900821D42 /* UserTests.swift in Sources */,
				52B8E8F21EFD7CF900821D42 /* CommentTests.swift in Sources */,
				52B8E8F51EFD7CF900821D42 /* PostTests.swift in Sources */,
				52B8E8F61EFD7CF900821D42 /* TodoTests.swift in Sources */,
			);
			runOnlyForDeploymentPostprocessing = 0;
		};
		52F0F8271EF98E5A005E70D9 /* Sources */ = {
			isa = PBXSourcesBuildPhase;
			buildActionMask = 2147483647;
			files = (
				52B8E9021EFD7CFB00821D42 /* PhotoTests.swift in Sources */,
				52B8E9011EFD7CFB00821D42 /* ModelCodingTests.swift in Sources */,
				52B8E8FF1EFD7CFB00821D42 /* AlbumTests.swift in Sources */,
				5255F1751EFE022E000B7E97 /* Model+RoutingTests.swift in Sources */,
				52B8E9051EFD7CFB00821D42 /* UserTests.swift in Sources */,
				52B8E9001EFD7CFB00821D42 /* CommentTests.swift in Sources */,
				52B8E9031EFD7CFB00821D42 /* PostTests.swift in Sources */,
				52B8E9041EFD7CFB00821D42 /* TodoTests.swift in Sources */,
			);
			runOnlyForDeploymentPostprocessing = 0;
		};
/* End PBXSourcesBuildPhase section */

/* Begin PBXTargetDependency section */
		52F0F8141EF98E17005E70D9 /* PBXTargetDependency */ = {
			isa = PBXTargetDependency;
			target = 524B0F511EF9876B00288494 /* PlaceholderKit-iOS */;
			targetProxy = 52F0F8131EF98E17005E70D9 /* PBXContainerItemProxy */;
		};
		52F0F8231EF98E30005E70D9 /* PBXTargetDependency */ = {
			isa = PBXTargetDependency;
			target = 524B0F5F1EF9878200288494 /* PlaceholderKit-tvOS */;
			targetProxy = 52F0F8221EF98E30005E70D9 /* PBXContainerItemProxy */;
		};
		52F0F8321EF98E5A005E70D9 /* PBXTargetDependency */ = {
			isa = PBXTargetDependency;
			target = 524B0F6C1EF9879300288494 /* PlaceholderKit-macOS */;
			targetProxy = 52F0F8311EF98E5A005E70D9 /* PBXContainerItemProxy */;
		};
/* End PBXTargetDependency section */

/* Begin XCBuildConfiguration section */
		523728931EF9866C00033A47 /* Debug */ = {
			isa = XCBuildConfiguration;
			buildSettings = {
				CLANG_WARN_BLOCK_CAPTURE_AUTORELEASING = YES;
				CLANG_WARN_BOOL_CONVERSION = YES;
				CLANG_WARN_COMMA = YES;
				CLANG_WARN_CONSTANT_CONVERSION = YES;
				CLANG_WARN_EMPTY_BODY = YES;
				CLANG_WARN_ENUM_CONVERSION = YES;
				CLANG_WARN_INFINITE_RECURSION = YES;
				CLANG_WARN_INT_CONVERSION = YES;
				CLANG_WARN_NON_LITERAL_NULL_CONVERSION = YES;
				CLANG_WARN_OBJC_LITERAL_CONVERSION = YES;
				CLANG_WARN_RANGE_LOOP_ANALYSIS = YES;
				CLANG_WARN_STRICT_PROTOTYPES = YES;
				CLANG_WARN_SUSPICIOUS_MOVE = YES;
				CLANG_WARN_UNREACHABLE_CODE = YES;
				CLANG_WARN__DUPLICATE_METHOD_MATCH = YES;
				ENABLE_STRICT_OBJC_MSGSEND = YES;
				ENABLE_TESTABILITY = YES;
				GCC_NO_COMMON_BLOCKS = YES;
				GCC_WARN_64_TO_32_BIT_CONVERSION = YES;
				GCC_WARN_ABOUT_RETURN_TYPE = YES;
				GCC_WARN_UNDECLARED_SELECTOR = YES;
				GCC_WARN_UNINITIALIZED_AUTOS = YES;
				GCC_WARN_UNUSED_FUNCTION = YES;
				GCC_WARN_UNUSED_VARIABLE = YES;
				IPHONEOS_DEPLOYMENT_TARGET = 11.0;
				ONLY_ACTIVE_ARCH = YES;
			};
			name = Debug;
		};
		523728941EF9866C00033A47 /* Release */ = {
			isa = XCBuildConfiguration;
			buildSettings = {
				CLANG_WARN_BLOCK_CAPTURE_AUTORELEASING = YES;
				CLANG_WARN_BOOL_CONVERSION = YES;
				CLANG_WARN_COMMA = YES;
				CLANG_WARN_CONSTANT_CONVERSION = YES;
				CLANG_WARN_EMPTY_BODY = YES;
				CLANG_WARN_ENUM_CONVERSION = YES;
				CLANG_WARN_INFINITE_RECURSION = YES;
				CLANG_WARN_INT_CONVERSION = YES;
				CLANG_WARN_NON_LITERAL_NULL_CONVERSION = YES;
				CLANG_WARN_OBJC_LITERAL_CONVERSION = YES;
				CLANG_WARN_RANGE_LOOP_ANALYSIS = YES;
				CLANG_WARN_STRICT_PROTOTYPES = YES;
				CLANG_WARN_SUSPICIOUS_MOVE = YES;
				CLANG_WARN_UNREACHABLE_CODE = YES;
				CLANG_WARN__DUPLICATE_METHOD_MATCH = YES;
				ENABLE_STRICT_OBJC_MSGSEND = YES;
				GCC_NO_COMMON_BLOCKS = YES;
				GCC_WARN_64_TO_32_BIT_CONVERSION = YES;
				GCC_WARN_ABOUT_RETURN_TYPE = YES;
				GCC_WARN_UNDECLARED_SELECTOR = YES;
				GCC_WARN_UNINITIALIZED_AUTOS = YES;
				GCC_WARN_UNUSED_FUNCTION = YES;
				GCC_WARN_UNUSED_VARIABLE = YES;
				IPHONEOS_DEPLOYMENT_TARGET = 11.0;
			};
			name = Release;
		};
		524B0F581EF9876B00288494 /* Debug */ = {
			isa = XCBuildConfiguration;
			buildSettings = {
				ALWAYS_SEARCH_USER_PATHS = NO;
				CLANG_ANALYZER_NONNULL = YES;
				CLANG_ANALYZER_NUMBER_OBJECT_CONVERSION = YES_AGGRESSIVE;
				CLANG_CXX_LANGUAGE_STANDARD = "gnu++0x";
				CLANG_CXX_LIBRARY = "libc++";
				CLANG_ENABLE_MODULES = YES;
				CLANG_ENABLE_OBJC_ARC = YES;
				CLANG_WARN_BOOL_CONVERSION = YES;
				CLANG_WARN_CONSTANT_CONVERSION = YES;
				CLANG_WARN_DIRECT_OBJC_ISA_USAGE = YES_ERROR;
				CLANG_WARN_DOCUMENTATION_COMMENTS = YES;
				CLANG_WARN_EMPTY_BODY = YES;
				CLANG_WARN_ENUM_CONVERSION = YES;
				CLANG_WARN_INFINITE_RECURSION = YES;
				CLANG_WARN_INT_CONVERSION = YES;
				CLANG_WARN_OBJC_ROOT_CLASS = YES_ERROR;
				CLANG_WARN_SUSPICIOUS_MOVE = YES;
				CLANG_WARN_UNREACHABLE_CODE = YES;
				CLANG_WARN__DUPLICATE_METHOD_MATCH = YES;
				CODE_SIGN_IDENTITY = "";
				"CODE_SIGN_IDENTITY[sdk=iphoneos*]" = "";
				COPY_PHASE_STRIP = NO;
				CURRENT_PROJECT_VERSION = 1;
				DEBUG_INFORMATION_FORMAT = dwarf;
				DEFINES_MODULE = YES;
				DEVELOPMENT_TEAM = 55SVD8WGE3;
				DYLIB_COMPATIBILITY_VERSION = 1;
				DYLIB_CURRENT_VERSION = 1;
				DYLIB_INSTALL_NAME_BASE = "@rpath";
				ENABLE_STRICT_OBJC_MSGSEND = YES;
				ENABLE_TESTABILITY = YES;
				FRAMEWORK_SEARCH_PATHS = (
					"$(inherited)",
					"$(PROJECT_DIR)/Carthage/Build/iOS",
				);
				GCC_C_LANGUAGE_STANDARD = gnu99;
				GCC_DYNAMIC_NO_PIC = NO;
				GCC_NO_COMMON_BLOCKS = YES;
				GCC_OPTIMIZATION_LEVEL = 0;
				GCC_PREPROCESSOR_DEFINITIONS = (
					"DEBUG=1",
					"$(inherited)",
				);
				GCC_WARN_64_TO_32_BIT_CONVERSION = YES;
				GCC_WARN_ABOUT_RETURN_TYPE = YES_ERROR;
				GCC_WARN_UNDECLARED_SELECTOR = YES;
				GCC_WARN_UNINITIALIZED_AUTOS = YES_AGGRESSIVE;
				GCC_WARN_UNUSED_FUNCTION = YES;
				GCC_WARN_UNUSED_VARIABLE = YES;
				INFOPLIST_FILE = "$(SRCROOT)/Info.plist";
				INSTALL_PATH = "$(LOCAL_LIBRARY_DIR)/Frameworks";
				IPHONEOS_DEPLOYMENT_TARGET = 10.3;
				LD_RUNPATH_SEARCH_PATHS = "$(inherited) @executable_path/Frameworks @loader_path/Frameworks";
				MTL_ENABLE_DEBUG_INFO = YES;
				ONLY_ACTIVE_ARCH = YES;
				PRODUCT_BUNDLE_IDENTIFIER = "com.proxpero.PlaceholderKit-iOS";
				PRODUCT_NAME = PlaceholderKit;
				SDKROOT = iphoneos;
				SKIP_INSTALL = YES;
				SWIFT_ACTIVE_COMPILATION_CONDITIONS = DEBUG;
				SWIFT_OPTIMIZATION_LEVEL = "-Onone";
				SWIFT_SWIFT3_OBJC_INFERENCE = On;
				SWIFT_VERSION = 4.0;
				TARGETED_DEVICE_FAMILY = "1,2";
				VERSIONING_SYSTEM = "apple-generic";
				VERSION_INFO_PREFIX = "";
			};
			name = Debug;
		};
		524B0F591EF9876B00288494 /* Release */ = {
			isa = XCBuildConfiguration;
			buildSettings = {
				ALWAYS_SEARCH_USER_PATHS = NO;
				CLANG_ANALYZER_NONNULL = YES;
				CLANG_ANALYZER_NUMBER_OBJECT_CONVERSION = YES_AGGRESSIVE;
				CLANG_CXX_LANGUAGE_STANDARD = "gnu++0x";
				CLANG_CXX_LIBRARY = "libc++";
				CLANG_ENABLE_MODULES = YES;
				CLANG_ENABLE_OBJC_ARC = YES;
				CLANG_WARN_BOOL_CONVERSION = YES;
				CLANG_WARN_CONSTANT_CONVERSION = YES;
				CLANG_WARN_DIRECT_OBJC_ISA_USAGE = YES_ERROR;
				CLANG_WARN_DOCUMENTATION_COMMENTS = YES;
				CLANG_WARN_EMPTY_BODY = YES;
				CLANG_WARN_ENUM_CONVERSION = YES;
				CLANG_WARN_INFINITE_RECURSION = YES;
				CLANG_WARN_INT_CONVERSION = YES;
				CLANG_WARN_OBJC_ROOT_CLASS = YES_ERROR;
				CLANG_WARN_SUSPICIOUS_MOVE = YES;
				CLANG_WARN_UNREACHABLE_CODE = YES;
				CLANG_WARN__DUPLICATE_METHOD_MATCH = YES;
				CODE_SIGN_IDENTITY = "";
				"CODE_SIGN_IDENTITY[sdk=iphoneos*]" = "";
				COPY_PHASE_STRIP = NO;
				CURRENT_PROJECT_VERSION = 1;
				DEBUG_INFORMATION_FORMAT = "dwarf-with-dsym";
				DEFINES_MODULE = YES;
				DEVELOPMENT_TEAM = 55SVD8WGE3;
				DYLIB_COMPATIBILITY_VERSION = 1;
				DYLIB_CURRENT_VERSION = 1;
				DYLIB_INSTALL_NAME_BASE = "@rpath";
				ENABLE_NS_ASSERTIONS = NO;
				ENABLE_STRICT_OBJC_MSGSEND = YES;
				FRAMEWORK_SEARCH_PATHS = (
					"$(inherited)",
					"$(PROJECT_DIR)/Carthage/Build/iOS",
				);
				GCC_C_LANGUAGE_STANDARD = gnu99;
				GCC_NO_COMMON_BLOCKS = YES;
				GCC_WARN_64_TO_32_BIT_CONVERSION = YES;
				GCC_WARN_ABOUT_RETURN_TYPE = YES_ERROR;
				GCC_WARN_UNDECLARED_SELECTOR = YES;
				GCC_WARN_UNINITIALIZED_AUTOS = YES_AGGRESSIVE;
				GCC_WARN_UNUSED_FUNCTION = YES;
				GCC_WARN_UNUSED_VARIABLE = YES;
				INFOPLIST_FILE = "$(SRCROOT)/Info.plist";
				INSTALL_PATH = "$(LOCAL_LIBRARY_DIR)/Frameworks";
				IPHONEOS_DEPLOYMENT_TARGET = 10.3;
				LD_RUNPATH_SEARCH_PATHS = "$(inherited) @executable_path/Frameworks @loader_path/Frameworks";
				MTL_ENABLE_DEBUG_INFO = NO;
				PRODUCT_BUNDLE_IDENTIFIER = "com.proxpero.PlaceholderKit-iOS";
				PRODUCT_NAME = PlaceholderKit;
				SDKROOT = iphoneos;
				SKIP_INSTALL = YES;
				SWIFT_OPTIMIZATION_LEVEL = "-Owholemodule";
				SWIFT_SWIFT3_OBJC_INFERENCE = On;
				SWIFT_VERSION = 4.0;
				TARGETED_DEVICE_FAMILY = "1,2";
				VALIDATE_PRODUCT = YES;
				VERSIONING_SYSTEM = "apple-generic";
				VERSION_INFO_PREFIX = "";
			};
			name = Release;
		};
		524B0F661EF9878200288494 /* Debug */ = {
			isa = XCBuildConfiguration;
			buildSettings = {
				ALWAYS_SEARCH_USER_PATHS = NO;
				CLANG_ANALYZER_NONNULL = YES;
				CLANG_ANALYZER_NUMBER_OBJECT_CONVERSION = YES_AGGRESSIVE;
				CLANG_CXX_LANGUAGE_STANDARD = "gnu++0x";
				CLANG_CXX_LIBRARY = "libc++";
				CLANG_ENABLE_MODULES = YES;
				CLANG_ENABLE_OBJC_ARC = YES;
				CLANG_WARN_BOOL_CONVERSION = YES;
				CLANG_WARN_CONSTANT_CONVERSION = YES;
				CLANG_WARN_DIRECT_OBJC_ISA_USAGE = YES_ERROR;
				CLANG_WARN_DOCUMENTATION_COMMENTS = YES;
				CLANG_WARN_EMPTY_BODY = YES;
				CLANG_WARN_ENUM_CONVERSION = YES;
				CLANG_WARN_INFINITE_RECURSION = YES;
				CLANG_WARN_INT_CONVERSION = YES;
				CLANG_WARN_OBJC_ROOT_CLASS = YES_ERROR;
				CLANG_WARN_SUSPICIOUS_MOVE = YES;
				CLANG_WARN_UNREACHABLE_CODE = YES;
				CLANG_WARN__DUPLICATE_METHOD_MATCH = YES;
				CODE_SIGN_IDENTITY = "";
				COPY_PHASE_STRIP = NO;
				CURRENT_PROJECT_VERSION = 1;
				DEBUG_INFORMATION_FORMAT = dwarf;
				DEFINES_MODULE = YES;
				DEVELOPMENT_TEAM = 55SVD8WGE3;
				DYLIB_COMPATIBILITY_VERSION = 1;
				DYLIB_CURRENT_VERSION = 1;
				DYLIB_INSTALL_NAME_BASE = "@rpath";
				ENABLE_STRICT_OBJC_MSGSEND = YES;
				ENABLE_TESTABILITY = YES;
				FRAMEWORK_SEARCH_PATHS = (
					"$(inherited)",
					"$(PROJECT_DIR)/Carthage/Build/tvOS",
				);
				GCC_C_LANGUAGE_STANDARD = gnu99;
				GCC_DYNAMIC_NO_PIC = NO;
				GCC_NO_COMMON_BLOCKS = YES;
				GCC_OPTIMIZATION_LEVEL = 0;
				GCC_PREPROCESSOR_DEFINITIONS = (
					"DEBUG=1",
					"$(inherited)",
				);
				GCC_WARN_64_TO_32_BIT_CONVERSION = YES;
				GCC_WARN_ABOUT_RETURN_TYPE = YES_ERROR;
				GCC_WARN_UNDECLARED_SELECTOR = YES;
				GCC_WARN_UNINITIALIZED_AUTOS = YES_AGGRESSIVE;
				GCC_WARN_UNUSED_FUNCTION = YES;
				GCC_WARN_UNUSED_VARIABLE = YES;
				INFOPLIST_FILE = "$(SRCROOT)/Info.plist";
				INSTALL_PATH = "$(LOCAL_LIBRARY_DIR)/Frameworks";
				LD_RUNPATH_SEARCH_PATHS = "$(inherited) @executable_path/Frameworks @loader_path/Frameworks";
				MTL_ENABLE_DEBUG_INFO = YES;
				ONLY_ACTIVE_ARCH = YES;
				PRODUCT_BUNDLE_IDENTIFIER = "com.proxpero.PlaceholderKit-tvOS";
				PRODUCT_NAME = PlaceholderKit;
				SDKROOT = appletvos;
				SKIP_INSTALL = YES;
				SWIFT_ACTIVE_COMPILATION_CONDITIONS = DEBUG;
				SWIFT_OPTIMIZATION_LEVEL = "-Onone";
				SWIFT_VERSION = 3.0;
				TARGETED_DEVICE_FAMILY = 3;
				TVOS_DEPLOYMENT_TARGET = 10.2;
				VERSIONING_SYSTEM = "apple-generic";
				VERSION_INFO_PREFIX = "";
			};
			name = Debug;
		};
		524B0F671EF9878200288494 /* Release */ = {
			isa = XCBuildConfiguration;
			buildSettings = {
				ALWAYS_SEARCH_USER_PATHS = NO;
				CLANG_ANALYZER_NONNULL = YES;
				CLANG_ANALYZER_NUMBER_OBJECT_CONVERSION = YES_AGGRESSIVE;
				CLANG_CXX_LANGUAGE_STANDARD = "gnu++0x";
				CLANG_CXX_LIBRARY = "libc++";
				CLANG_ENABLE_MODULES = YES;
				CLANG_ENABLE_OBJC_ARC = YES;
				CLANG_WARN_BOOL_CONVERSION = YES;
				CLANG_WARN_CONSTANT_CONVERSION = YES;
				CLANG_WARN_DIRECT_OBJC_ISA_USAGE = YES_ERROR;
				CLANG_WARN_DOCUMENTATION_COMMENTS = YES;
				CLANG_WARN_EMPTY_BODY = YES;
				CLANG_WARN_ENUM_CONVERSION = YES;
				CLANG_WARN_INFINITE_RECURSION = YES;
				CLANG_WARN_INT_CONVERSION = YES;
				CLANG_WARN_OBJC_ROOT_CLASS = YES_ERROR;
				CLANG_WARN_SUSPICIOUS_MOVE = YES;
				CLANG_WARN_UNREACHABLE_CODE = YES;
				CLANG_WARN__DUPLICATE_METHOD_MATCH = YES;
				CODE_SIGN_IDENTITY = "";
				COPY_PHASE_STRIP = NO;
				CURRENT_PROJECT_VERSION = 1;
				DEBUG_INFORMATION_FORMAT = "dwarf-with-dsym";
				DEFINES_MODULE = YES;
				DEVELOPMENT_TEAM = 55SVD8WGE3;
				DYLIB_COMPATIBILITY_VERSION = 1;
				DYLIB_CURRENT_VERSION = 1;
				DYLIB_INSTALL_NAME_BASE = "@rpath";
				ENABLE_NS_ASSERTIONS = NO;
				ENABLE_STRICT_OBJC_MSGSEND = YES;
				FRAMEWORK_SEARCH_PATHS = (
					"$(inherited)",
					"$(PROJECT_DIR)/Carthage/Build/tvOS",
				);
				GCC_C_LANGUAGE_STANDARD = gnu99;
				GCC_NO_COMMON_BLOCKS = YES;
				GCC_WARN_64_TO_32_BIT_CONVERSION = YES;
				GCC_WARN_ABOUT_RETURN_TYPE = YES_ERROR;
				GCC_WARN_UNDECLARED_SELECTOR = YES;
				GCC_WARN_UNINITIALIZED_AUTOS = YES_AGGRESSIVE;
				GCC_WARN_UNUSED_FUNCTION = YES;
				GCC_WARN_UNUSED_VARIABLE = YES;
				INFOPLIST_FILE = "$(SRCROOT)/Info.plist";
				INSTALL_PATH = "$(LOCAL_LIBRARY_DIR)/Frameworks";
				LD_RUNPATH_SEARCH_PATHS = "$(inherited) @executable_path/Frameworks @loader_path/Frameworks";
				MTL_ENABLE_DEBUG_INFO = NO;
				PRODUCT_BUNDLE_IDENTIFIER = "com.proxpero.PlaceholderKit-tvOS";
				PRODUCT_NAME = PlaceholderKit;
				SDKROOT = appletvos;
				SKIP_INSTALL = YES;
				SWIFT_OPTIMIZATION_LEVEL = "-Owholemodule";
				SWIFT_VERSION = 3.0;
				TARGETED_DEVICE_FAMILY = 3;
				TVOS_DEPLOYMENT_TARGET = 10.2;
				VALIDATE_PRODUCT = YES;
				VERSIONING_SYSTEM = "apple-generic";
				VERSION_INFO_PREFIX = "";
			};
			name = Release;
		};
		524B0F731EF9879300288494 /* Debug */ = {
			isa = XCBuildConfiguration;
			buildSettings = {
				ALWAYS_SEARCH_USER_PATHS = NO;
				CLANG_ANALYZER_NONNULL = YES;
				CLANG_ANALYZER_NUMBER_OBJECT_CONVERSION = YES_AGGRESSIVE;
				CLANG_CXX_LANGUAGE_STANDARD = "gnu++0x";
				CLANG_CXX_LIBRARY = "libc++";
				CLANG_ENABLE_MODULES = YES;
				CLANG_ENABLE_OBJC_ARC = YES;
				CLANG_WARN_BOOL_CONVERSION = YES;
				CLANG_WARN_CONSTANT_CONVERSION = YES;
				CLANG_WARN_DIRECT_OBJC_ISA_USAGE = YES_ERROR;
				CLANG_WARN_DOCUMENTATION_COMMENTS = YES;
				CLANG_WARN_EMPTY_BODY = YES;
				CLANG_WARN_ENUM_CONVERSION = YES;
				CLANG_WARN_INFINITE_RECURSION = YES;
				CLANG_WARN_INT_CONVERSION = YES;
				CLANG_WARN_OBJC_ROOT_CLASS = YES_ERROR;
				CLANG_WARN_SUSPICIOUS_MOVE = YES;
				CLANG_WARN_UNREACHABLE_CODE = YES;
				CLANG_WARN__DUPLICATE_METHOD_MATCH = YES;
				CODE_SIGN_IDENTITY = "-";
				COMBINE_HIDPI_IMAGES = YES;
				COPY_PHASE_STRIP = NO;
				CURRENT_PROJECT_VERSION = 1;
				DEBUG_INFORMATION_FORMAT = dwarf;
				DEFINES_MODULE = YES;
				DEVELOPMENT_TEAM = 55SVD8WGE3;
				DYLIB_COMPATIBILITY_VERSION = 1;
				DYLIB_CURRENT_VERSION = 1;
				DYLIB_INSTALL_NAME_BASE = "@rpath";
				ENABLE_STRICT_OBJC_MSGSEND = YES;
				ENABLE_TESTABILITY = YES;
				FRAMEWORK_SEARCH_PATHS = (
					"$(inherited)",
					"$(PROJECT_DIR)/Carthage/Build/Mac",
				);
				FRAMEWORK_VERSION = A;
				GCC_C_LANGUAGE_STANDARD = gnu99;
				GCC_DYNAMIC_NO_PIC = NO;
				GCC_NO_COMMON_BLOCKS = YES;
				GCC_OPTIMIZATION_LEVEL = 0;
				GCC_PREPROCESSOR_DEFINITIONS = (
					"DEBUG=1",
					"$(inherited)",
				);
				GCC_WARN_64_TO_32_BIT_CONVERSION = YES;
				GCC_WARN_ABOUT_RETURN_TYPE = YES_ERROR;
				GCC_WARN_UNDECLARED_SELECTOR = YES;
				GCC_WARN_UNINITIALIZED_AUTOS = YES_AGGRESSIVE;
				GCC_WARN_UNUSED_FUNCTION = YES;
				GCC_WARN_UNUSED_VARIABLE = YES;
				INFOPLIST_FILE = "$(SRCROOT)/Info.plist";
				INSTALL_PATH = "$(LOCAL_LIBRARY_DIR)/Frameworks";
				LD_RUNPATH_SEARCH_PATHS = "$(inherited) @executable_path/../Frameworks @loader_path/Frameworks";
				MACOSX_DEPLOYMENT_TARGET = 10.12;
				MTL_ENABLE_DEBUG_INFO = YES;
				ONLY_ACTIVE_ARCH = YES;
				PRODUCT_BUNDLE_IDENTIFIER = "com.proxpero.PlaceholderKit-macOS";
				PRODUCT_NAME = PlaceholderKit;
				SDKROOT = macosx;
				SKIP_INSTALL = YES;
				SWIFT_ACTIVE_COMPILATION_CONDITIONS = DEBUG;
				SWIFT_OPTIMIZATION_LEVEL = "-Onone";
				SWIFT_SWIFT3_OBJC_INFERENCE = On;
				SWIFT_VERSION = 4.0;
				VERSIONING_SYSTEM = "apple-generic";
				VERSION_INFO_PREFIX = "";
			};
			name = Debug;
		};
		524B0F741EF9879300288494 /* Release */ = {
			isa = XCBuildConfiguration;
			buildSettings = {
				ALWAYS_SEARCH_USER_PATHS = NO;
				CLANG_ANALYZER_NONNULL = YES;
				CLANG_ANALYZER_NUMBER_OBJECT_CONVERSION = YES_AGGRESSIVE;
				CLANG_CXX_LANGUAGE_STANDARD = "gnu++0x";
				CLANG_CXX_LIBRARY = "libc++";
				CLANG_ENABLE_MODULES = YES;
				CLANG_ENABLE_OBJC_ARC = YES;
				CLANG_WARN_BOOL_CONVERSION = YES;
				CLANG_WARN_CONSTANT_CONVERSION = YES;
				CLANG_WARN_DIRECT_OBJC_ISA_USAGE = YES_ERROR;
				CLANG_WARN_DOCUMENTATION_COMMENTS = YES;
				CLANG_WARN_EMPTY_BODY = YES;
				CLANG_WARN_ENUM_CONVERSION = YES;
				CLANG_WARN_INFINITE_RECURSION = YES;
				CLANG_WARN_INT_CONVERSION = YES;
				CLANG_WARN_OBJC_ROOT_CLASS = YES_ERROR;
				CLANG_WARN_SUSPICIOUS_MOVE = YES;
				CLANG_WARN_UNREACHABLE_CODE = YES;
				CLANG_WARN__DUPLICATE_METHOD_MATCH = YES;
				CODE_SIGN_IDENTITY = "-";
				COMBINE_HIDPI_IMAGES = YES;
				COPY_PHASE_STRIP = NO;
				CURRENT_PROJECT_VERSION = 1;
				DEBUG_INFORMATION_FORMAT = "dwarf-with-dsym";
				DEFINES_MODULE = YES;
				DEVELOPMENT_TEAM = 55SVD8WGE3;
				DYLIB_COMPATIBILITY_VERSION = 1;
				DYLIB_CURRENT_VERSION = 1;
				DYLIB_INSTALL_NAME_BASE = "@rpath";
				ENABLE_NS_ASSERTIONS = NO;
				ENABLE_STRICT_OBJC_MSGSEND = YES;
				FRAMEWORK_SEARCH_PATHS = (
					"$(inherited)",
					"$(PROJECT_DIR)/Carthage/Build/Mac",
				);
				FRAMEWORK_VERSION = A;
				GCC_C_LANGUAGE_STANDARD = gnu99;
				GCC_NO_COMMON_BLOCKS = YES;
				GCC_WARN_64_TO_32_BIT_CONVERSION = YES;
				GCC_WARN_ABOUT_RETURN_TYPE = YES_ERROR;
				GCC_WARN_UNDECLARED_SELECTOR = YES;
				GCC_WARN_UNINITIALIZED_AUTOS = YES_AGGRESSIVE;
				GCC_WARN_UNUSED_FUNCTION = YES;
				GCC_WARN_UNUSED_VARIABLE = YES;
				INFOPLIST_FILE = "$(SRCROOT)/Info.plist";
				INSTALL_PATH = "$(LOCAL_LIBRARY_DIR)/Frameworks";
				LD_RUNPATH_SEARCH_PATHS = "$(inherited) @executable_path/../Frameworks @loader_path/Frameworks";
				MACOSX_DEPLOYMENT_TARGET = 10.12;
				MTL_ENABLE_DEBUG_INFO = NO;
				PRODUCT_BUNDLE_IDENTIFIER = "com.proxpero.PlaceholderKit-macOS";
				PRODUCT_NAME = PlaceholderKit;
				SDKROOT = macosx;
				SKIP_INSTALL = YES;
				SWIFT_OPTIMIZATION_LEVEL = "-Owholemodule";
				SWIFT_SWIFT3_OBJC_INFERENCE = On;
				SWIFT_VERSION = 4.0;
				VERSIONING_SYSTEM = "apple-generic";
				VERSION_INFO_PREFIX = "";
			};
			name = Release;
		};
		52F0F8161EF98E17005E70D9 /* Debug */ = {
			isa = XCBuildConfiguration;
			buildSettings = {
				ALWAYS_EMBED_SWIFT_STANDARD_LIBRARIES = YES;
				ALWAYS_SEARCH_USER_PATHS = NO;
				CLANG_ANALYZER_NONNULL = YES;
				CLANG_ANALYZER_NUMBER_OBJECT_CONVERSION = YES_AGGRESSIVE;
				CLANG_CXX_LANGUAGE_STANDARD = "gnu++14";
				CLANG_CXX_LIBRARY = "libc++";
				CLANG_ENABLE_MODULES = YES;
				CLANG_ENABLE_OBJC_ARC = YES;
				CLANG_WARN_BLOCK_CAPTURE_AUTORELEASING = YES;
				CLANG_WARN_BOOL_CONVERSION = YES;
				CLANG_WARN_COMMA = YES;
				CLANG_WARN_CONSTANT_CONVERSION = YES;
				CLANG_WARN_DIRECT_OBJC_ISA_USAGE = YES_ERROR;
				CLANG_WARN_DOCUMENTATION_COMMENTS = YES;
				CLANG_WARN_EMPTY_BODY = YES;
				CLANG_WARN_ENUM_CONVERSION = YES;
				CLANG_WARN_INFINITE_RECURSION = YES;
				CLANG_WARN_INT_CONVERSION = YES;
				CLANG_WARN_OBJC_ROOT_CLASS = YES_ERROR;
				CLANG_WARN_RANGE_LOOP_ANALYSIS = YES;
				CLANG_WARN_STRICT_PROTOTYPES = YES;
				CLANG_WARN_SUSPICIOUS_MOVE = YES;
				CLANG_WARN_UNGUARDED_AVAILABILITY = YES_AGGRESSIVE;
				CLANG_WARN_UNREACHABLE_CODE = YES;
				CLANG_WARN__DUPLICATE_METHOD_MATCH = YES;
				CODE_SIGN_IDENTITY = "iPhone Developer";
				COPY_PHASE_STRIP = NO;
				DEBUG_INFORMATION_FORMAT = dwarf;
				DEVELOPMENT_TEAM = 55SVD8WGE3;
				ENABLE_STRICT_OBJC_MSGSEND = YES;
				ENABLE_TESTABILITY = YES;
				FRAMEWORK_SEARCH_PATHS = (
					"$(inherited)",
					"$(PROJECT_DIR)/Carthage/Build/iOS",
				);
				GCC_C_LANGUAGE_STANDARD = gnu11;
				GCC_DYNAMIC_NO_PIC = NO;
				GCC_NO_COMMON_BLOCKS = YES;
				GCC_OPTIMIZATION_LEVEL = 0;
				GCC_PREPROCESSOR_DEFINITIONS = (
					"DEBUG=1",
					"$(inherited)",
				);
				GCC_WARN_64_TO_32_BIT_CONVERSION = YES;
				GCC_WARN_ABOUT_RETURN_TYPE = YES_ERROR;
				GCC_WARN_UNDECLARED_SELECTOR = YES;
				GCC_WARN_UNINITIALIZED_AUTOS = YES_AGGRESSIVE;
				GCC_WARN_UNUSED_FUNCTION = YES;
				GCC_WARN_UNUSED_VARIABLE = YES;
				INFOPLIST_FILE = "$(SRCROOT)/Info.plist";
				IPHONEOS_DEPLOYMENT_TARGET = 11.0;
				LD_RUNPATH_SEARCH_PATHS = "$(inherited) @executable_path/Frameworks @loader_path/Frameworks";
				MTL_ENABLE_DEBUG_INFO = YES;
				ONLY_ACTIVE_ARCH = YES;
				PRODUCT_BUNDLE_IDENTIFIER = "com.proxpero.PlaceholderKit-iOSTests";
				PRODUCT_NAME = "$(TARGET_NAME)";
				SDKROOT = iphoneos;
				SWIFT_ACTIVE_COMPILATION_CONDITIONS = DEBUG;
				SWIFT_OPTIMIZATION_LEVEL = "-Onone";
				SWIFT_SWIFT3_OBJC_INFERENCE = On;
				SWIFT_VERSION = 4.0;
				TARGETED_DEVICE_FAMILY = "1,2";
			};
			name = Debug;
		};
		52F0F8171EF98E17005E70D9 /* Release */ = {
			isa = XCBuildConfiguration;
			buildSettings = {
				ALWAYS_EMBED_SWIFT_STANDARD_LIBRARIES = YES;
				ALWAYS_SEARCH_USER_PATHS = NO;
				CLANG_ANALYZER_NONNULL = YES;
				CLANG_ANALYZER_NUMBER_OBJECT_CONVERSION = YES_AGGRESSIVE;
				CLANG_CXX_LANGUAGE_STANDARD = "gnu++14";
				CLANG_CXX_LIBRARY = "libc++";
				CLANG_ENABLE_MODULES = YES;
				CLANG_ENABLE_OBJC_ARC = YES;
				CLANG_WARN_BLOCK_CAPTURE_AUTORELEASING = YES;
				CLANG_WARN_BOOL_CONVERSION = YES;
				CLANG_WARN_COMMA = YES;
				CLANG_WARN_CONSTANT_CONVERSION = YES;
				CLANG_WARN_DIRECT_OBJC_ISA_USAGE = YES_ERROR;
				CLANG_WARN_DOCUMENTATION_COMMENTS = YES;
				CLANG_WARN_EMPTY_BODY = YES;
				CLANG_WARN_ENUM_CONVERSION = YES;
				CLANG_WARN_INFINITE_RECURSION = YES;
				CLANG_WARN_INT_CONVERSION = YES;
				CLANG_WARN_OBJC_ROOT_CLASS = YES_ERROR;
				CLANG_WARN_RANGE_LOOP_ANALYSIS = YES;
				CLANG_WARN_STRICT_PROTOTYPES = YES;
				CLANG_WARN_SUSPICIOUS_MOVE = YES;
				CLANG_WARN_UNGUARDED_AVAILABILITY = YES_AGGRESSIVE;
				CLANG_WARN_UNREACHABLE_CODE = YES;
				CLANG_WARN__DUPLICATE_METHOD_MATCH = YES;
				CODE_SIGN_IDENTITY = "iPhone Developer";
				COPY_PHASE_STRIP = NO;
				DEBUG_INFORMATION_FORMAT = "dwarf-with-dsym";
				DEVELOPMENT_TEAM = 55SVD8WGE3;
				ENABLE_NS_ASSERTIONS = NO;
				ENABLE_STRICT_OBJC_MSGSEND = YES;
				FRAMEWORK_SEARCH_PATHS = (
					"$(inherited)",
					"$(PROJECT_DIR)/Carthage/Build/iOS",
				);
				GCC_C_LANGUAGE_STANDARD = gnu11;
				GCC_NO_COMMON_BLOCKS = YES;
				GCC_WARN_64_TO_32_BIT_CONVERSION = YES;
				GCC_WARN_ABOUT_RETURN_TYPE = YES_ERROR;
				GCC_WARN_UNDECLARED_SELECTOR = YES;
				GCC_WARN_UNINITIALIZED_AUTOS = YES_AGGRESSIVE;
				GCC_WARN_UNUSED_FUNCTION = YES;
				GCC_WARN_UNUSED_VARIABLE = YES;
				INFOPLIST_FILE = "$(SRCROOT)/Info.plist";
				IPHONEOS_DEPLOYMENT_TARGET = 11.0;
				LD_RUNPATH_SEARCH_PATHS = "$(inherited) @executable_path/Frameworks @loader_path/Frameworks";
				MTL_ENABLE_DEBUG_INFO = NO;
				PRODUCT_BUNDLE_IDENTIFIER = "com.proxpero.PlaceholderKit-iOSTests";
				PRODUCT_NAME = "$(TARGET_NAME)";
				SDKROOT = iphoneos;
				SWIFT_OPTIMIZATION_LEVEL = "-Owholemodule";
				SWIFT_SWIFT3_OBJC_INFERENCE = On;
				SWIFT_VERSION = 4.0;
				TARGETED_DEVICE_FAMILY = "1,2";
				VALIDATE_PRODUCT = YES;
			};
			name = Release;
		};
		52F0F8251EF98E30005E70D9 /* Debug */ = {
			isa = XCBuildConfiguration;
			buildSettings = {
				ALWAYS_EMBED_SWIFT_STANDARD_LIBRARIES = YES;
				ALWAYS_SEARCH_USER_PATHS = NO;
				CLANG_ANALYZER_NONNULL = YES;
				CLANG_ANALYZER_NUMBER_OBJECT_CONVERSION = YES_AGGRESSIVE;
				CLANG_CXX_LANGUAGE_STANDARD = "gnu++14";
				CLANG_CXX_LIBRARY = "libc++";
				CLANG_ENABLE_MODULES = YES;
				CLANG_ENABLE_OBJC_ARC = YES;
				CLANG_WARN_BLOCK_CAPTURE_AUTORELEASING = YES;
				CLANG_WARN_BOOL_CONVERSION = YES;
				CLANG_WARN_COMMA = YES;
				CLANG_WARN_CONSTANT_CONVERSION = YES;
				CLANG_WARN_DIRECT_OBJC_ISA_USAGE = YES_ERROR;
				CLANG_WARN_DOCUMENTATION_COMMENTS = YES;
				CLANG_WARN_EMPTY_BODY = YES;
				CLANG_WARN_ENUM_CONVERSION = YES;
				CLANG_WARN_INFINITE_RECURSION = YES;
				CLANG_WARN_INT_CONVERSION = YES;
				CLANG_WARN_OBJC_ROOT_CLASS = YES_ERROR;
				CLANG_WARN_RANGE_LOOP_ANALYSIS = YES;
				CLANG_WARN_STRICT_PROTOTYPES = YES;
				CLANG_WARN_SUSPICIOUS_MOVE = YES;
				CLANG_WARN_UNGUARDED_AVAILABILITY = YES_AGGRESSIVE;
				CLANG_WARN_UNREACHABLE_CODE = YES;
				CLANG_WARN__DUPLICATE_METHOD_MATCH = YES;
				COPY_PHASE_STRIP = NO;
				DEBUG_INFORMATION_FORMAT = dwarf;
				DEVELOPMENT_TEAM = 55SVD8WGE3;
				ENABLE_STRICT_OBJC_MSGSEND = YES;
				ENABLE_TESTABILITY = YES;
				GCC_C_LANGUAGE_STANDARD = gnu11;
				GCC_DYNAMIC_NO_PIC = NO;
				GCC_NO_COMMON_BLOCKS = YES;
				GCC_OPTIMIZATION_LEVEL = 0;
				GCC_PREPROCESSOR_DEFINITIONS = (
					"DEBUG=1",
					"$(inherited)",
				);
				GCC_WARN_64_TO_32_BIT_CONVERSION = YES;
				GCC_WARN_ABOUT_RETURN_TYPE = YES_ERROR;
				GCC_WARN_UNDECLARED_SELECTOR = YES;
				GCC_WARN_UNINITIALIZED_AUTOS = YES_AGGRESSIVE;
				GCC_WARN_UNUSED_FUNCTION = YES;
				GCC_WARN_UNUSED_VARIABLE = YES;
				INFOPLIST_FILE = "$(SRCROOT)/Info.plist";
				LD_RUNPATH_SEARCH_PATHS = "$(inherited) @executable_path/Frameworks @loader_path/Frameworks";
				MTL_ENABLE_DEBUG_INFO = YES;
				ONLY_ACTIVE_ARCH = YES;
				PRODUCT_BUNDLE_IDENTIFIER = "com.proxpero.PlaceholderKit-tvOSTests";
				PRODUCT_NAME = "$(TARGET_NAME)";
				SDKROOT = appletvos;
				SWIFT_ACTIVE_COMPILATION_CONDITIONS = DEBUG;
				SWIFT_OPTIMIZATION_LEVEL = "-Onone";
				SWIFT_VERSION = 4.0;
				TARGETED_DEVICE_FAMILY = 3;
				TVOS_DEPLOYMENT_TARGET = 11.0;
			};
			name = Debug;
		};
		52F0F8261EF98E30005E70D9 /* Release */ = {
			isa = XCBuildConfiguration;
			buildSettings = {
				ALWAYS_EMBED_SWIFT_STANDARD_LIBRARIES = YES;
				ALWAYS_SEARCH_USER_PATHS = NO;
				CLANG_ANALYZER_NONNULL = YES;
				CLANG_ANALYZER_NUMBER_OBJECT_CONVERSION = YES_AGGRESSIVE;
				CLANG_CXX_LANGUAGE_STANDARD = "gnu++14";
				CLANG_CXX_LIBRARY = "libc++";
				CLANG_ENABLE_MODULES = YES;
				CLANG_ENABLE_OBJC_ARC = YES;
				CLANG_WARN_BLOCK_CAPTURE_AUTORELEASING = YES;
				CLANG_WARN_BOOL_CONVERSION = YES;
				CLANG_WARN_COMMA = YES;
				CLANG_WARN_CONSTANT_CONVERSION = YES;
				CLANG_WARN_DIRECT_OBJC_ISA_USAGE = YES_ERROR;
				CLANG_WARN_DOCUMENTATION_COMMENTS = YES;
				CLANG_WARN_EMPTY_BODY = YES;
				CLANG_WARN_ENUM_CONVERSION = YES;
				CLANG_WARN_INFINITE_RECURSION = YES;
				CLANG_WARN_INT_CONVERSION = YES;
				CLANG_WARN_OBJC_ROOT_CLASS = YES_ERROR;
				CLANG_WARN_RANGE_LOOP_ANALYSIS = YES;
				CLANG_WARN_STRICT_PROTOTYPES = YES;
				CLANG_WARN_SUSPICIOUS_MOVE = YES;
				CLANG_WARN_UNGUARDED_AVAILABILITY = YES_AGGRESSIVE;
				CLANG_WARN_UNREACHABLE_CODE = YES;
				CLANG_WARN__DUPLICATE_METHOD_MATCH = YES;
				COPY_PHASE_STRIP = NO;
				DEBUG_INFORMATION_FORMAT = "dwarf-with-dsym";
				DEVELOPMENT_TEAM = 55SVD8WGE3;
				ENABLE_NS_ASSERTIONS = NO;
				ENABLE_STRICT_OBJC_MSGSEND = YES;
				GCC_C_LANGUAGE_STANDARD = gnu11;
				GCC_NO_COMMON_BLOCKS = YES;
				GCC_WARN_64_TO_32_BIT_CONVERSION = YES;
				GCC_WARN_ABOUT_RETURN_TYPE = YES_ERROR;
				GCC_WARN_UNDECLARED_SELECTOR = YES;
				GCC_WARN_UNINITIALIZED_AUTOS = YES_AGGRESSIVE;
				GCC_WARN_UNUSED_FUNCTION = YES;
				GCC_WARN_UNUSED_VARIABLE = YES;
				INFOPLIST_FILE = "$(SRCROOT)/Info.plist";
				LD_RUNPATH_SEARCH_PATHS = "$(inherited) @executable_path/Frameworks @loader_path/Frameworks";
				MTL_ENABLE_DEBUG_INFO = NO;
				PRODUCT_BUNDLE_IDENTIFIER = "com.proxpero.PlaceholderKit-tvOSTests";
				PRODUCT_NAME = "$(TARGET_NAME)";
				SDKROOT = appletvos;
				SWIFT_OPTIMIZATION_LEVEL = "-Owholemodule";
				SWIFT_VERSION = 4.0;
				TARGETED_DEVICE_FAMILY = 3;
				TVOS_DEPLOYMENT_TARGET = 11.0;
				VALIDATE_PRODUCT = YES;
			};
			name = Release;
		};
		52F0F8341EF98E5A005E70D9 /* Debug */ = {
			isa = XCBuildConfiguration;
			buildSettings = {
				ALWAYS_EMBED_SWIFT_STANDARD_LIBRARIES = YES;
				ALWAYS_SEARCH_USER_PATHS = NO;
				CLANG_ANALYZER_NONNULL = YES;
				CLANG_ANALYZER_NUMBER_OBJECT_CONVERSION = YES_AGGRESSIVE;
				CLANG_CXX_LANGUAGE_STANDARD = "gnu++14";
				CLANG_CXX_LIBRARY = "libc++";
				CLANG_ENABLE_MODULES = YES;
				CLANG_ENABLE_OBJC_ARC = YES;
				CLANG_WARN_BLOCK_CAPTURE_AUTORELEASING = YES;
				CLANG_WARN_BOOL_CONVERSION = YES;
				CLANG_WARN_COMMA = YES;
				CLANG_WARN_CONSTANT_CONVERSION = YES;
				CLANG_WARN_DIRECT_OBJC_ISA_USAGE = YES_ERROR;
				CLANG_WARN_DOCUMENTATION_COMMENTS = YES;
				CLANG_WARN_EMPTY_BODY = YES;
				CLANG_WARN_ENUM_CONVERSION = YES;
				CLANG_WARN_INFINITE_RECURSION = YES;
				CLANG_WARN_INT_CONVERSION = YES;
				CLANG_WARN_OBJC_ROOT_CLASS = YES_ERROR;
				CLANG_WARN_RANGE_LOOP_ANALYSIS = YES;
				CLANG_WARN_STRICT_PROTOTYPES = YES;
				CLANG_WARN_SUSPICIOUS_MOVE = YES;
				CLANG_WARN_UNGUARDED_AVAILABILITY = YES_AGGRESSIVE;
				CLANG_WARN_UNREACHABLE_CODE = YES;
				CLANG_WARN__DUPLICATE_METHOD_MATCH = YES;
				CODE_SIGN_IDENTITY = "Mac Developer";
				COMBINE_HIDPI_IMAGES = YES;
				COPY_PHASE_STRIP = NO;
				DEBUG_INFORMATION_FORMAT = dwarf;
				DEVELOPMENT_TEAM = 55SVD8WGE3;
				ENABLE_STRICT_OBJC_MSGSEND = YES;
				ENABLE_TESTABILITY = YES;
				GCC_C_LANGUAGE_STANDARD = gnu11;
				GCC_DYNAMIC_NO_PIC = NO;
				GCC_NO_COMMON_BLOCKS = YES;
				GCC_OPTIMIZATION_LEVEL = 0;
				GCC_PREPROCESSOR_DEFINITIONS = (
					"DEBUG=1",
					"$(inherited)",
				);
				GCC_WARN_64_TO_32_BIT_CONVERSION = YES;
				GCC_WARN_ABOUT_RETURN_TYPE = YES_ERROR;
				GCC_WARN_UNDECLARED_SELECTOR = YES;
				GCC_WARN_UNINITIALIZED_AUTOS = YES_AGGRESSIVE;
				GCC_WARN_UNUSED_FUNCTION = YES;
				GCC_WARN_UNUSED_VARIABLE = YES;
				INFOPLIST_FILE = "$(SRCROOT)/Info.plist";
				LD_RUNPATH_SEARCH_PATHS = "$(inherited) @executable_path/../Frameworks @loader_path/../Frameworks";
				MACOSX_DEPLOYMENT_TARGET = 10.12;
				MTL_ENABLE_DEBUG_INFO = YES;
				ONLY_ACTIVE_ARCH = YES;
				PRODUCT_BUNDLE_IDENTIFIER = "com.proxpero.PlaceholderKit-macOSTests";
				PRODUCT_NAME = "$(TARGET_NAME)";
				SDKROOT = macosx;
				SWIFT_ACTIVE_COMPILATION_CONDITIONS = DEBUG;
				SWIFT_OPTIMIZATION_LEVEL = "-Onone";
				SWIFT_SWIFT3_OBJC_INFERENCE = On;
				SWIFT_VERSION = 4.0;
			};
			name = Debug;
		};
		52F0F8351EF98E5A005E70D9 /* Release */ = {
			isa = XCBuildConfiguration;
			buildSettings = {
				ALWAYS_EMBED_SWIFT_STANDARD_LIBRARIES = YES;
				ALWAYS_SEARCH_USER_PATHS = NO;
				CLANG_ANALYZER_NONNULL = YES;
				CLANG_ANALYZER_NUMBER_OBJECT_CONVERSION = YES_AGGRESSIVE;
				CLANG_CXX_LANGUAGE_STANDARD = "gnu++14";
				CLANG_CXX_LIBRARY = "libc++";
				CLANG_ENABLE_MODULES = YES;
				CLANG_ENABLE_OBJC_ARC = YES;
				CLANG_WARN_BLOCK_CAPTURE_AUTORELEASING = YES;
				CLANG_WARN_BOOL_CONVERSION = YES;
				CLANG_WARN_COMMA = YES;
				CLANG_WARN_CONSTANT_CONVERSION = YES;
				CLANG_WARN_DIRECT_OBJC_ISA_USAGE = YES_ERROR;
				CLANG_WARN_DOCUMENTATION_COMMENTS = YES;
				CLANG_WARN_EMPTY_BODY = YES;
				CLANG_WARN_ENUM_CONVERSION = YES;
				CLANG_WARN_INFINITE_RECURSION = YES;
				CLANG_WARN_INT_CONVERSION = YES;
				CLANG_WARN_OBJC_ROOT_CLASS = YES_ERROR;
				CLANG_WARN_RANGE_LOOP_ANALYSIS = YES;
				CLANG_WARN_STRICT_PROTOTYPES = YES;
				CLANG_WARN_SUSPICIOUS_MOVE = YES;
				CLANG_WARN_UNGUARDED_AVAILABILITY = YES_AGGRESSIVE;
				CLANG_WARN_UNREACHABLE_CODE = YES;
				CLANG_WARN__DUPLICATE_METHOD_MATCH = YES;
				CODE_SIGN_IDENTITY = "Mac Developer";
				COMBINE_HIDPI_IMAGES = YES;
				COPY_PHASE_STRIP = NO;
				DEBUG_INFORMATION_FORMAT = "dwarf-with-dsym";
				DEVELOPMENT_TEAM = 55SVD8WGE3;
				ENABLE_NS_ASSERTIONS = NO;
				ENABLE_STRICT_OBJC_MSGSEND = YES;
				GCC_C_LANGUAGE_STANDARD = gnu11;
				GCC_NO_COMMON_BLOCKS = YES;
				GCC_WARN_64_TO_32_BIT_CONVERSION = YES;
				GCC_WARN_ABOUT_RETURN_TYPE = YES_ERROR;
				GCC_WARN_UNDECLARED_SELECTOR = YES;
				GCC_WARN_UNINITIALIZED_AUTOS = YES_AGGRESSIVE;
				GCC_WARN_UNUSED_FUNCTION = YES;
				GCC_WARN_UNUSED_VARIABLE = YES;
				INFOPLIST_FILE = "$(SRCROOT)/Info.plist";
				LD_RUNPATH_SEARCH_PATHS = "$(inherited) @executable_path/../Frameworks @loader_path/../Frameworks";
				MACOSX_DEPLOYMENT_TARGET = 10.12;
				MTL_ENABLE_DEBUG_INFO = NO;
				PRODUCT_BUNDLE_IDENTIFIER = "com.proxpero.PlaceholderKit-macOSTests";
				PRODUCT_NAME = "$(TARGET_NAME)";
				SDKROOT = macosx;
				SWIFT_OPTIMIZATION_LEVEL = "-Owholemodule";
				SWIFT_SWIFT3_OBJC_INFERENCE = On;
				SWIFT_VERSION = 4.0;
			};
			name = Release;
		};
/* End XCBuildConfiguration section */

/* Begin XCConfigurationList section */
		523728921EF9866C00033A47 /* Build configuration list for PBXProject "PlaceholderKit" */ = {
			isa = XCConfigurationList;
			buildConfigurations = (
				523728931EF9866C00033A47 /* Debug */,
				523728941EF9866C00033A47 /* Release */,
			);
			defaultConfigurationIsVisible = 0;
			defaultConfigurationName = Release;
		};
		524B0F5A1EF9876B00288494 /* Build configuration list for PBXNativeTarget "PlaceholderKit-iOS" */ = {
			isa = XCConfigurationList;
			buildConfigurations = (
				524B0F581EF9876B00288494 /* Debug */,
				524B0F591EF9876B00288494 /* Release */,
			);
			defaultConfigurationIsVisible = 0;
			defaultConfigurationName = Release;
		};
		524B0F651EF9878200288494 /* Build configuration list for PBXNativeTarget "PlaceholderKit-tvOS" */ = {
			isa = XCConfigurationList;
			buildConfigurations = (
				524B0F661EF9878200288494 /* Debug */,
				524B0F671EF9878200288494 /* Release */,
			);
			defaultConfigurationIsVisible = 0;
			defaultConfigurationName = Release;
		};
		524B0F721EF9879300288494 /* Build configuration list for PBXNativeTarget "PlaceholderKit-macOS" */ = {
			isa = XCConfigurationList;
			buildConfigurations = (
				524B0F731EF9879300288494 /* Debug */,
				524B0F741EF9879300288494 /* Release */,
			);
			defaultConfigurationIsVisible = 0;
			defaultConfigurationName = Release;
		};
		52F0F8151EF98E17005E70D9 /* Build configuration list for PBXNativeTarget "PlaceholderKit-iOSTests" */ = {
			isa = XCConfigurationList;
			buildConfigurations = (
				52F0F8161EF98E17005E70D9 /* Debug */,
				52F0F8171EF98E17005E70D9 /* Release */,
			);
			defaultConfigurationIsVisible = 0;
			defaultConfigurationName = Release;
		};
		52F0F8241EF98E30005E70D9 /* Build configuration list for PBXNativeTarget "PlaceholderKit-tvOSTests" */ = {
			isa = XCConfigurationList;
			buildConfigurations = (
				52F0F8251EF98E30005E70D9 /* Debug */,
				52F0F8261EF98E30005E70D9 /* Release */,
			);
			defaultConfigurationIsVisible = 0;
			defaultConfigurationName = Release;
		};
		52F0F8331EF98E5A005E70D9 /* Build configuration list for PBXNativeTarget "PlaceholderKit-macOSTests" */ = {
			isa = XCConfigurationList;
			buildConfigurations = (
				52F0F8341EF98E5A005E70D9 /* Debug */,
				52F0F8351EF98E5A005E70D9 /* Release */,
			);
			defaultConfigurationIsVisible = 0;
			defaultConfigurationName = Release;
		};
/* End XCConfigurationList section */
	};
	rootObject = 5237288F1EF9866C00033A47 /* Project object */;
}
